Microsoft Visual Studio Solution File, Format Version 12.00
# Visual Studio Version 16
VisualStudioVersion = 16.0.29306.81
MinimumVisualStudioVersion = 10.0.40219.1
Project("{FAE04EC0-301F-11D3-BF4B-00C04F79EFBC}") = "IndigoCardIssuanceService", "IndigoCardIssuanceService\IndigoCardIssuanceService.csproj", "{F766F935-C122-4C20-94A7-33A543468E3B}"
	ProjectSection(ProjectDependencies) = postProject
		{2E610311-080D-4814-828A-92FBF136616E} = {2E610311-080D-4814-828A-92FBF136616E}
		{A701091B-9F63-4C92-9C91-9810EF7A02CA} = {A701091B-9F63-4C92-9C91-9810EF7A02CA}
	EndProjectSection
EndProject
Project("{FAE04EC0-301F-11D3-BF4B-00C04F79EFBC}") = "IndigoFileLoader", "IndigoCardsFileLoader\IndigoFileLoader.csproj", "{7024EE02-1C0A-4CD6-BFF0-6EBA0EDFE0B4}"
EndProject
Project("{F184B08F-C81C-45F6-A57F-5ABD9991F28F}") = "indigo_crypto", "Crypto\indigo_cypto_3_5\indigo_crypto\indigo_crypto.vbproj", "{2E610311-080D-4814-828A-92FBF136616E}"
EndProject
Project("{FAE04EC0-301F-11D3-BF4B-00C04F79EFBC}") = "Veneka.Indigo.Common", "Veneka.Indigo.Common\Veneka.Indigo.Common.csproj", "{6A1456B1-52A5-4975-942C-7810FE4097B9}"
EndProject
Project("{2150E333-8FDC-42A3-9474-1A3956D46DE8}") = "Solution Items", "Solution Items", "{09F4B103-947B-4F57-9435-E76198EEB67D}"
	ProjectSection(SolutionItems) = preProject
		packages\BouncyCastle\BouncyCastle.Cf20.dll = packages\BouncyCastle\BouncyCastle.Cf20.dll
		indigoCardIssuingApplication.vsmdi = indigoCardIssuingApplication.vsmdi
		Local.testsettings = Local.testsettings
		TraceAndTestImpact.testsettings = TraceAndTestImpact.testsettings
	EndProjectSection
EndProject
Project("{FAE04EC0-301F-11D3-BF4B-00C04F79EFBC}") = "Veneka.Indigo.CardManagement", "Veneka.Indigo.CardManagement\Veneka.Indigo.CardManagement.csproj", "{53228D46-943F-408E-887E-437DA9E6E2D1}"
EndProject
Project("{FAE04EC0-301F-11D3-BF4B-00C04F79EFBC}") = "Veneka.Indigo.UserManagement", "Veneka.Indigo.UserManagement\Veneka.Indigo.UserManagement.csproj", "{FD587632-46DE-4189-BFBA-6085CCB0FD58}"
EndProject
Project("{2150E333-8FDC-42A3-9474-1A3956D46DE8}") = ".nuget", ".nuget", "{C9FA7A81-CBFC-43A1-9DC0-99C6E83E448C}"
	ProjectSection(SolutionItems) = preProject
		.nuget\NuGet.Config = .nuget\NuGet.Config
		.nuget\NuGet.exe = .nuget\NuGet.exe
		.nuget\NuGet.targets = .nuget\NuGet.targets
	EndProjectSection
EndProject
Project("{FAE04EC0-301F-11D3-BF4B-00C04F79EFBC}") = "Veneka.Indigo.LanguageLookup", "Veneka.Indigo.LanguageLookup\Veneka.Indigo.LanguageLookup.csproj", "{842DCC17-0669-430C-83EE-49E3F154EC42}"
EndProject
Project("{FAE04EC0-301F-11D3-BF4B-00C04F79EFBC}") = "Veneka.Indigo.AuditManagement", "Veneka.Indigo.AuditManagement\Veneka.Indigo.AuditManagement.csproj", "{23CC92AB-F026-4C99-BB83-B0A756FC8849}"
EndProject
Project("{FAE04EC0-301F-11D3-BF4B-00C04F79EFBC}") = "Veneka.Indigo.IssuerManagement", "Veneka.Indigo.IssuerManagement\Veneka.Indigo.IssuerManagement.csproj", "{BFB348B9-8AA2-4326-8157-BBB7DF8F6888}"
EndProject
Project("{FAE04EC0-301F-11D3-BF4B-00C04F79EFBC}") = "Veneka.Indigo.PINManagement", "Veneka.Indigo.PINManagement\Veneka.Indigo.PINManagement.csproj", "{FE8191D7-AA21-4872-B261-FDA635BA1C1D}"
EndProject
Project("{FAE04EC0-301F-11D3-BF4B-00C04F79EFBC}") = "Veneka.Indigo.Security", "Veneka.Indigo.Security\Veneka.Indigo.Security.csproj", "{A585B1F6-3CFF-41FD-BA3E-736A133A6210}"
EndProject
Project("{FAE04EC0-301F-11D3-BF4B-00C04F79EFBC}") = "Veneka.Indigo.PinMailerPrinting", "Veneka.Indigo.PinMailerPrinting\Veneka.Indigo.PinMailerPrinting.csproj", "{A701091B-9F63-4C92-9C91-9810EF7A02CA}"
EndProject
Project("{FAE04EC0-301F-11D3-BF4B-00C04F79EFBC}") = "Veneka.Indigo.Integration", "Veneka.Indigo.Integration\Veneka.Indigo.Integration.csproj", "{03BF6364-DFE6-47D5-8AA3-17839EF44854}"
EndProject
Project("{FAE04EC0-301F-11D3-BF4B-00C04F79EFBC}") = "Veneka.Indigo.FileRunner", "Veneka.Indigo.FileRunner\Veneka.Indigo.FileRunner.csproj", "{53F666E2-D2FF-49E0-8D35-ADDC848A5037}"
EndProject
Project("{FAE04EC0-301F-11D3-BF4B-00C04F79EFBC}") = "POSTest", "POSTest\POSTest.csproj", "{DDF215DA-6F5F-43FB-B5EA-1E4C439BB88C}"
EndProject
Project("{FAE04EC0-301F-11D3-BF4B-00C04F79EFBC}") = "Veneka.Indigo.NotificationService", "Veneka.Indigo.NotificationService\Veneka.Indigo.NotificationService.csproj", "{3B3ECE6B-F8C9-4150-999D-0CAD9BA5B76F}"
EndProject
Project("{00D1A9C2-B5F0-4AF3-8072-F6C62B433612}") = "IndigoDatabase", "IndigoDatabase\IndigoDatabase.sqlproj", "{20E8A786-155A-4E7B-A374-248783225916}"
EndProject
Project("{FAE04EC0-301F-11D3-BF4B-00C04F79EFBC}") = "IndigoAppTesting", "IndigoAppTesting\IndigoAppTesting.csproj", "{D646FB91-5622-424D-94D7-2E9EAD17E5D1}"
EndProject
Project("{FAE04EC0-301F-11D3-BF4B-00C04F79EFBC}") = "Veneka.Indigo.RemoteManagement", "Veneka.Indigo.RemoteManagement\Veneka.Indigo.RemoteManagement.csproj", "{645B6461-BC70-42CF-8BA8-017D0E3838C0}"
EndProject
Project("{FAE04EC0-301F-11D3-BF4B-00C04F79EFBC}") = "Veneka.Indigo.RemoteComponentConsole", "Veneka.Indigo.RemoteComponentConsole\Veneka.Indigo.RemoteComponentConsole.csproj", "{48751771-6251-41DB-A96D-E6F996D7C82D}"
EndProject
Project("{FAE04EC0-301F-11D3-BF4B-00C04F79EFBC}") = "Veneka.Indigo.RemoteComponentService", "Veneka.Indigo.RemoteComponentService\Veneka.Indigo.RemoteComponentService.csproj", "{B4D885D3-3A2B-43FB-8EDD-BFA2054F5501}"
EndProject
Project("{FAE04EC0-301F-11D3-BF4B-00C04F79EFBC}") = "Veneka.Indigo.RemoteComponentClient", "Veneka.Indigo.RemoteComponentClient\Veneka.Indigo.RemoteComponentClient.csproj", "{D53E9EA5-E864-429E-97F6-5163FEFF31CF}"
EndProject
Project("{FAE04EC0-301F-11D3-BF4B-00C04F79EFBC}") = "IndigoToolkit", "IndigoToolkit\IndigoToolkit.csproj", "{D3970F4D-2B09-49F5-B68F-0D7E34D4FA7A}"
EndProject
Project("{F14B399A-7131-4C87-9E4B-1186C45EF12D}") = "Veneka.Indigo.ReportManagement", "Veneka.Indigo.ReportManagement\Veneka.Indigo.ReportManagement.rptproj", "{3045ED5B-DEF5-4FF7-81FD-998415BB60E2}"
EndProject
Project("{FAE04EC0-301F-11D3-BF4B-00C04F79EFBC}") = "Veneka.Indigo.Integration.ProductPrinting", "Veneka.Indigo.Integration.ProductPrinting\Veneka.Indigo.Integration.ProductPrinting.csproj", "{3C248C1C-AA7E-4656-B851-1C591A1EBE51}"
EndProject
Project("{FAE04EC0-301F-11D3-BF4B-00C04F79EFBC}") = "Veneka.Indigo.NotificationService.ConsoleApp", "Veneka.Indigo.NotificationService.ConsoleApp\Veneka.Indigo.NotificationService.ConsoleApp.csproj", "{B8537D94-D5C1-4842-94F3-D41E478DC3EE}"
EndProject
Project("{930C7802-8A8C-48F9-8165-68863BCCD9DD}") = "Veneka.Indigo.NotificationServicesSetup", "Veneka.Indigo.NotificationServicesSetup\Veneka.Indigo.NotificationServicesSetup.wixproj", "{0FDE78F9-95C3-49BA-9067-96B6D9DE6087}"
EndProject
Project("{FAE04EC0-301F-11D3-BF4B-00C04F79EFBC}") = "Veneka.Indigo.COMS.Core", "Veneka.Indigo.COMS.Core\Veneka.Indigo.COMS.Core.csproj", "{BCA9E337-2A5C-4B33-AFA2-6C392985E7DD}"
EndProject
Project("{FAE04EC0-301F-11D3-BF4B-00C04F79EFBC}") = "Veneka.Indigo.COMS.DataSource", "Veneka.Indigo.COMS.DataSource\Veneka.Indigo.COMS.DataSource.csproj", "{9C34A9FC-22F0-4823-BC83-8C678D824E39}"
EndProject
Project("{FAE04EC0-301F-11D3-BF4B-00C04F79EFBC}") = "IndigoToolkit2", "IndigoToolkit2\IndigoToolkit2.csproj", "{6B188093-0968-412C-87F9-5EB94BD12F50}"
EndProject
Project("{FAE04EC0-301F-11D3-BF4B-00C04F79EFBC}") = "Veneka.IndigoApp.Tests", "Veneka.IndigoApp.Tests\Veneka.IndigoApp.Tests.csproj", "{07F34566-37DE-44AA-AC45-30224EC48315}"
EndProject
Project("{FAE04EC0-301F-11D3-BF4B-00C04F79EFBC}") = "Veneka.Indigo.Integration.Tests", "Veneka.Indigo.Integration.Tests\Veneka.Indigo.Integration.Tests.csproj", "{BF8AFDEF-CBA8-4D5C-8F8A-074E94A1C01F}"
EndProject
Global
	GlobalSection(SolutionConfigurationPlatforms) = preSolution
		Debug|Any CPU = Debug|Any CPU
		Debug|Mixed Platforms = Debug|Mixed Platforms
		Debug|x86 = Debug|x86
		DebugLocal|Any CPU = DebugLocal|Any CPU
		DebugLocal|Mixed Platforms = DebugLocal|Mixed Platforms
		DebugLocal|x86 = DebugLocal|x86
		Indigo_app|Any CPU = Indigo_app|Any CPU
		Indigo_app|Mixed Platforms = Indigo_app|Mixed Platforms
		Indigo_app|x86 = Indigo_app|x86
		Release|Any CPU = Release|Any CPU
		Release|Mixed Platforms = Release|Mixed Platforms
		Release|x86 = Release|x86
	EndGlobalSection
	GlobalSection(ProjectConfigurationPlatforms) = postSolution
		{F766F935-C122-4C20-94A7-33A543468E3B}.Debug|Any CPU.ActiveCfg = Debug|Any CPU
		{F766F935-C122-4C20-94A7-33A543468E3B}.Debug|Any CPU.Build.0 = Debug|Any CPU
		{F766F935-C122-4C20-94A7-33A543468E3B}.Debug|Mixed Platforms.ActiveCfg = Debug|Any CPU
		{F766F935-C122-4C20-94A7-33A543468E3B}.Debug|Mixed Platforms.Build.0 = Debug|Any CPU
		{F766F935-C122-4C20-94A7-33A543468E3B}.Debug|x86.ActiveCfg = Debug|Any CPU
		{F766F935-C122-4C20-94A7-33A543468E3B}.DebugLocal|Any CPU.ActiveCfg = Debug|Any CPU
		{F766F935-C122-4C20-94A7-33A543468E3B}.DebugLocal|Any CPU.Build.0 = Debug|Any CPU
		{F766F935-C122-4C20-94A7-33A543468E3B}.DebugLocal|Mixed Platforms.ActiveCfg = Debug|Any CPU
		{F766F935-C122-4C20-94A7-33A543468E3B}.DebugLocal|Mixed Platforms.Build.0 = Debug|Any CPU
		{F766F935-C122-4C20-94A7-33A543468E3B}.DebugLocal|x86.ActiveCfg = Debug|Any CPU
		{F766F935-C122-4C20-94A7-33A543468E3B}.Indigo_app|Any CPU.ActiveCfg = Debug|Any CPU
		{F766F935-C122-4C20-94A7-33A543468E3B}.Indigo_app|Any CPU.Build.0 = Debug|Any CPU
		{F766F935-C122-4C20-94A7-33A543468E3B}.Indigo_app|Mixed Platforms.ActiveCfg = Debug|Any CPU
		{F766F935-C122-4C20-94A7-33A543468E3B}.Indigo_app|Mixed Platforms.Build.0 = Debug|Any CPU
		{F766F935-C122-4C20-94A7-33A543468E3B}.Indigo_app|x86.ActiveCfg = indigo_app|Any CPU
		{F766F935-C122-4C20-94A7-33A543468E3B}.Indigo_app|x86.Build.0 = indigo_app|Any CPU
		{F766F935-C122-4C20-94A7-33A543468E3B}.Release|Any CPU.ActiveCfg = Release|Any CPU
		{F766F935-C122-4C20-94A7-33A543468E3B}.Release|Any CPU.Build.0 = Release|Any CPU
		{F766F935-C122-4C20-94A7-33A543468E3B}.Release|Mixed Platforms.ActiveCfg = Release|Any CPU
		{F766F935-C122-4C20-94A7-33A543468E3B}.Release|Mixed Platforms.Build.0 = Release|Any CPU
		{F766F935-C122-4C20-94A7-33A543468E3B}.Release|x86.ActiveCfg = Release|Any CPU
		{7024EE02-1C0A-4CD6-BFF0-6EBA0EDFE0B4}.Debug|Any CPU.ActiveCfg = Debug|Any CPU
		{7024EE02-1C0A-4CD6-BFF0-6EBA0EDFE0B4}.Debug|Any CPU.Build.0 = Debug|Any CPU
		{7024EE02-1C0A-4CD6-BFF0-6EBA0EDFE0B4}.Debug|Mixed Platforms.ActiveCfg = Debug|Any CPU
		{7024EE02-1C0A-4CD6-BFF0-6EBA0EDFE0B4}.Debug|Mixed Platforms.Build.0 = Debug|Any CPU
		{7024EE02-1C0A-4CD6-BFF0-6EBA0EDFE0B4}.Debug|x86.ActiveCfg = Debug|Any CPU
		{7024EE02-1C0A-4CD6-BFF0-6EBA0EDFE0B4}.DebugLocal|Any CPU.ActiveCfg = Debug|Any CPU
		{7024EE02-1C0A-4CD6-BFF0-6EBA0EDFE0B4}.DebugLocal|Any CPU.Build.0 = Debug|Any CPU
		{7024EE02-1C0A-4CD6-BFF0-6EBA0EDFE0B4}.DebugLocal|Mixed Platforms.ActiveCfg = Debug|Any CPU
		{7024EE02-1C0A-4CD6-BFF0-6EBA0EDFE0B4}.DebugLocal|Mixed Platforms.Build.0 = Debug|Any CPU
		{7024EE02-1C0A-4CD6-BFF0-6EBA0EDFE0B4}.DebugLocal|x86.ActiveCfg = Debug|Any CPU
		{7024EE02-1C0A-4CD6-BFF0-6EBA0EDFE0B4}.Indigo_app|Any CPU.ActiveCfg = Debug|Any CPU
		{7024EE02-1C0A-4CD6-BFF0-6EBA0EDFE0B4}.Indigo_app|Any CPU.Build.0 = Debug|Any CPU
		{7024EE02-1C0A-4CD6-BFF0-6EBA0EDFE0B4}.Indigo_app|Mixed Platforms.ActiveCfg = Debug|Any CPU
		{7024EE02-1C0A-4CD6-BFF0-6EBA0EDFE0B4}.Indigo_app|x86.ActiveCfg = indigo_app|Any CPU
		{7024EE02-1C0A-4CD6-BFF0-6EBA0EDFE0B4}.Indigo_app|x86.Build.0 = indigo_app|Any CPU
		{7024EE02-1C0A-4CD6-BFF0-6EBA0EDFE0B4}.Release|Any CPU.ActiveCfg = Release|Any CPU
		{7024EE02-1C0A-4CD6-BFF0-6EBA0EDFE0B4}.Release|Any CPU.Build.0 = Release|Any CPU
		{7024EE02-1C0A-4CD6-BFF0-6EBA0EDFE0B4}.Release|Mixed Platforms.ActiveCfg = Release|Any CPU
		{7024EE02-1C0A-4CD6-BFF0-6EBA0EDFE0B4}.Release|Mixed Platforms.Build.0 = Release|Any CPU
		{7024EE02-1C0A-4CD6-BFF0-6EBA0EDFE0B4}.Release|x86.ActiveCfg = Release|Any CPU
		{2E610311-080D-4814-828A-92FBF136616E}.Debug|Any CPU.ActiveCfg = Debug|Any CPU
		{2E610311-080D-4814-828A-92FBF136616E}.Debug|Any CPU.Build.0 = Debug|Any CPU
		{2E610311-080D-4814-828A-92FBF136616E}.Debug|Mixed Platforms.ActiveCfg = Debug|Any CPU
		{2E610311-080D-4814-828A-92FBF136616E}.Debug|Mixed Platforms.Build.0 = Debug|Any CPU
		{2E610311-080D-4814-828A-92FBF136616E}.Debug|x86.ActiveCfg = Debug|Any CPU
		{2E610311-080D-4814-828A-92FBF136616E}.DebugLocal|Any CPU.ActiveCfg = Debug|Any CPU
		{2E610311-080D-4814-828A-92FBF136616E}.DebugLocal|Any CPU.Build.0 = Debug|Any CPU
		{2E610311-080D-4814-828A-92FBF136616E}.DebugLocal|Mixed Platforms.ActiveCfg = Debug|Any CPU
		{2E610311-080D-4814-828A-92FBF136616E}.DebugLocal|Mixed Platforms.Build.0 = Debug|Any CPU
		{2E610311-080D-4814-828A-92FBF136616E}.DebugLocal|x86.ActiveCfg = Debug|Any CPU
		{2E610311-080D-4814-828A-92FBF136616E}.Indigo_app|Any CPU.ActiveCfg = Debug|Any CPU
		{2E610311-080D-4814-828A-92FBF136616E}.Indigo_app|Any CPU.Build.0 = Debug|Any CPU
		{2E610311-080D-4814-828A-92FBF136616E}.Indigo_app|Mixed Platforms.ActiveCfg = Debug|Any CPU
		{2E610311-080D-4814-828A-92FBF136616E}.Indigo_app|Mixed Platforms.Build.0 = Debug|Any CPU
		{2E610311-080D-4814-828A-92FBF136616E}.Indigo_app|x86.ActiveCfg = indigo_app|Any CPU
		{2E610311-080D-4814-828A-92FBF136616E}.Indigo_app|x86.Build.0 = indigo_app|Any CPU
		{2E610311-080D-4814-828A-92FBF136616E}.Release|Any CPU.ActiveCfg = Release|Any CPU
		{2E610311-080D-4814-828A-92FBF136616E}.Release|Any CPU.Build.0 = Release|Any CPU
		{2E610311-080D-4814-828A-92FBF136616E}.Release|Mixed Platforms.ActiveCfg = Release|Any CPU
		{2E610311-080D-4814-828A-92FBF136616E}.Release|Mixed Platforms.Build.0 = Release|Any CPU
		{2E610311-080D-4814-828A-92FBF136616E}.Release|x86.ActiveCfg = Release|Any CPU
		{6A1456B1-52A5-4975-942C-7810FE4097B9}.Debug|Any CPU.ActiveCfg = Debug|Any CPU
		{6A1456B1-52A5-4975-942C-7810FE4097B9}.Debug|Any CPU.Build.0 = Debug|Any CPU
		{6A1456B1-52A5-4975-942C-7810FE4097B9}.Debug|Mixed Platforms.ActiveCfg = Debug|Any CPU
		{6A1456B1-52A5-4975-942C-7810FE4097B9}.Debug|Mixed Platforms.Build.0 = Debug|Any CPU
		{6A1456B1-52A5-4975-942C-7810FE4097B9}.Debug|x86.ActiveCfg = Debug|Any CPU
		{6A1456B1-52A5-4975-942C-7810FE4097B9}.DebugLocal|Any CPU.ActiveCfg = Debug|Any CPU
		{6A1456B1-52A5-4975-942C-7810FE4097B9}.DebugLocal|Any CPU.Build.0 = Debug|Any CPU
		{6A1456B1-52A5-4975-942C-7810FE4097B9}.DebugLocal|Mixed Platforms.ActiveCfg = Debug|Any CPU
		{6A1456B1-52A5-4975-942C-7810FE4097B9}.DebugLocal|Mixed Platforms.Build.0 = Debug|Any CPU
		{6A1456B1-52A5-4975-942C-7810FE4097B9}.DebugLocal|x86.ActiveCfg = Debug|Any CPU
		{6A1456B1-52A5-4975-942C-7810FE4097B9}.Indigo_app|Any CPU.ActiveCfg = Debug|Any CPU
		{6A1456B1-52A5-4975-942C-7810FE4097B9}.Indigo_app|Any CPU.Build.0 = Debug|Any CPU
		{6A1456B1-52A5-4975-942C-7810FE4097B9}.Indigo_app|Mixed Platforms.ActiveCfg = Debug|Any CPU
		{6A1456B1-52A5-4975-942C-7810FE4097B9}.Indigo_app|Mixed Platforms.Build.0 = Debug|Any CPU
		{6A1456B1-52A5-4975-942C-7810FE4097B9}.Indigo_app|x86.ActiveCfg = indigo_app|Any CPU
		{6A1456B1-52A5-4975-942C-7810FE4097B9}.Indigo_app|x86.Build.0 = indigo_app|Any CPU
		{6A1456B1-52A5-4975-942C-7810FE4097B9}.Release|Any CPU.ActiveCfg = Release|Any CPU
		{6A1456B1-52A5-4975-942C-7810FE4097B9}.Release|Any CPU.Build.0 = Release|Any CPU
		{6A1456B1-52A5-4975-942C-7810FE4097B9}.Release|Mixed Platforms.ActiveCfg = Release|Any CPU
		{6A1456B1-52A5-4975-942C-7810FE4097B9}.Release|Mixed Platforms.Build.0 = Release|Any CPU
		{6A1456B1-52A5-4975-942C-7810FE4097B9}.Release|x86.ActiveCfg = Release|Any CPU
		{53228D46-943F-408E-887E-437DA9E6E2D1}.Debug|Any CPU.ActiveCfg = Debug|Any CPU
		{53228D46-943F-408E-887E-437DA9E6E2D1}.Debug|Any CPU.Build.0 = Debug|Any CPU
		{53228D46-943F-408E-887E-437DA9E6E2D1}.Debug|Mixed Platforms.ActiveCfg = Debug|Any CPU
		{53228D46-943F-408E-887E-437DA9E6E2D1}.Debug|Mixed Platforms.Build.0 = Debug|Any CPU
		{53228D46-943F-408E-887E-437DA9E6E2D1}.Debug|x86.ActiveCfg = Debug|Any CPU
		{53228D46-943F-408E-887E-437DA9E6E2D1}.DebugLocal|Any CPU.ActiveCfg = Debug|Any CPU
		{53228D46-943F-408E-887E-437DA9E6E2D1}.DebugLocal|Any CPU.Build.0 = Debug|Any CPU
		{53228D46-943F-408E-887E-437DA9E6E2D1}.DebugLocal|Mixed Platforms.ActiveCfg = Debug|Any CPU
		{53228D46-943F-408E-887E-437DA9E6E2D1}.DebugLocal|Mixed Platforms.Build.0 = Debug|Any CPU
		{53228D46-943F-408E-887E-437DA9E6E2D1}.DebugLocal|x86.ActiveCfg = Debug|Any CPU
		{53228D46-943F-408E-887E-437DA9E6E2D1}.Indigo_app|Any CPU.ActiveCfg = Debug|Any CPU
		{53228D46-943F-408E-887E-437DA9E6E2D1}.Indigo_app|Any CPU.Build.0 = Debug|Any CPU
		{53228D46-943F-408E-887E-437DA9E6E2D1}.Indigo_app|Mixed Platforms.ActiveCfg = Debug|Any CPU
		{53228D46-943F-408E-887E-437DA9E6E2D1}.Indigo_app|Mixed Platforms.Build.0 = Debug|Any CPU
		{53228D46-943F-408E-887E-437DA9E6E2D1}.Indigo_app|x86.ActiveCfg = indigo_app|Any CPU
		{53228D46-943F-408E-887E-437DA9E6E2D1}.Indigo_app|x86.Build.0 = indigo_app|Any CPU
		{53228D46-943F-408E-887E-437DA9E6E2D1}.Release|Any CPU.ActiveCfg = Release|Any CPU
		{53228D46-943F-408E-887E-437DA9E6E2D1}.Release|Any CPU.Build.0 = Release|Any CPU
		{53228D46-943F-408E-887E-437DA9E6E2D1}.Release|Mixed Platforms.ActiveCfg = Release|Any CPU
		{53228D46-943F-408E-887E-437DA9E6E2D1}.Release|Mixed Platforms.Build.0 = Release|Any CPU
		{53228D46-943F-408E-887E-437DA9E6E2D1}.Release|x86.ActiveCfg = Release|Any CPU
		{FD587632-46DE-4189-BFBA-6085CCB0FD58}.Debug|Any CPU.ActiveCfg = Debug|Any CPU
		{FD587632-46DE-4189-BFBA-6085CCB0FD58}.Debug|Any CPU.Build.0 = Debug|Any CPU
		{FD587632-46DE-4189-BFBA-6085CCB0FD58}.Debug|Mixed Platforms.ActiveCfg = Debug|Any CPU
		{FD587632-46DE-4189-BFBA-6085CCB0FD58}.Debug|Mixed Platforms.Build.0 = Debug|Any CPU
		{FD587632-46DE-4189-BFBA-6085CCB0FD58}.Debug|x86.ActiveCfg = Debug|Any CPU
		{FD587632-46DE-4189-BFBA-6085CCB0FD58}.DebugLocal|Any CPU.ActiveCfg = Debug|Any CPU
		{FD587632-46DE-4189-BFBA-6085CCB0FD58}.DebugLocal|Any CPU.Build.0 = Debug|Any CPU
		{FD587632-46DE-4189-BFBA-6085CCB0FD58}.DebugLocal|Mixed Platforms.ActiveCfg = Debug|Any CPU
		{FD587632-46DE-4189-BFBA-6085CCB0FD58}.DebugLocal|Mixed Platforms.Build.0 = Debug|Any CPU
		{FD587632-46DE-4189-BFBA-6085CCB0FD58}.DebugLocal|x86.ActiveCfg = Debug|Any CPU
		{FD587632-46DE-4189-BFBA-6085CCB0FD58}.Indigo_app|Any CPU.ActiveCfg = Debug|Any CPU
		{FD587632-46DE-4189-BFBA-6085CCB0FD58}.Indigo_app|Any CPU.Build.0 = Debug|Any CPU
		{FD587632-46DE-4189-BFBA-6085CCB0FD58}.Indigo_app|Mixed Platforms.ActiveCfg = Debug|Any CPU
		{FD587632-46DE-4189-BFBA-6085CCB0FD58}.Indigo_app|Mixed Platforms.Build.0 = Debug|Any CPU
		{FD587632-46DE-4189-BFBA-6085CCB0FD58}.Indigo_app|x86.ActiveCfg = indigo_app|Any CPU
		{FD587632-46DE-4189-BFBA-6085CCB0FD58}.Indigo_app|x86.Build.0 = indigo_app|Any CPU
		{FD587632-46DE-4189-BFBA-6085CCB0FD58}.Release|Any CPU.ActiveCfg = Release|Any CPU
		{FD587632-46DE-4189-BFBA-6085CCB0FD58}.Release|Any CPU.Build.0 = Release|Any CPU
		{FD587632-46DE-4189-BFBA-6085CCB0FD58}.Release|Mixed Platforms.ActiveCfg = Release|Any CPU
		{FD587632-46DE-4189-BFBA-6085CCB0FD58}.Release|Mixed Platforms.Build.0 = Release|Any CPU
		{FD587632-46DE-4189-BFBA-6085CCB0FD58}.Release|x86.ActiveCfg = Release|Any CPU
		{842DCC17-0669-430C-83EE-49E3F154EC42}.Debug|Any CPU.ActiveCfg = Debug|Any CPU
		{842DCC17-0669-430C-83EE-49E3F154EC42}.Debug|Any CPU.Build.0 = Debug|Any CPU
		{842DCC17-0669-430C-83EE-49E3F154EC42}.Debug|Mixed Platforms.ActiveCfg = Debug|Any CPU
		{842DCC17-0669-430C-83EE-49E3F154EC42}.Debug|Mixed Platforms.Build.0 = Debug|Any CPU
		{842DCC17-0669-430C-83EE-49E3F154EC42}.Debug|x86.ActiveCfg = Debug|Any CPU
		{842DCC17-0669-430C-83EE-49E3F154EC42}.DebugLocal|Any CPU.ActiveCfg = Debug|Any CPU
		{842DCC17-0669-430C-83EE-49E3F154EC42}.DebugLocal|Any CPU.Build.0 = Debug|Any CPU
		{842DCC17-0669-430C-83EE-49E3F154EC42}.DebugLocal|Mixed Platforms.ActiveCfg = Debug|Any CPU
		{842DCC17-0669-430C-83EE-49E3F154EC42}.DebugLocal|Mixed Platforms.Build.0 = Debug|Any CPU
		{842DCC17-0669-430C-83EE-49E3F154EC42}.DebugLocal|x86.ActiveCfg = Debug|Any CPU
		{842DCC17-0669-430C-83EE-49E3F154EC42}.Indigo_app|Any CPU.ActiveCfg = Debug|Any CPU
		{842DCC17-0669-430C-83EE-49E3F154EC42}.Indigo_app|Any CPU.Build.0 = Debug|Any CPU
		{842DCC17-0669-430C-83EE-49E3F154EC42}.Indigo_app|Mixed Platforms.ActiveCfg = Debug|Any CPU
		{842DCC17-0669-430C-83EE-49E3F154EC42}.Indigo_app|Mixed Platforms.Build.0 = Debug|Any CPU
		{842DCC17-0669-430C-83EE-49E3F154EC42}.Indigo_app|x86.ActiveCfg = indigo_app|Any CPU
		{842DCC17-0669-430C-83EE-49E3F154EC42}.Indigo_app|x86.Build.0 = indigo_app|Any CPU
		{842DCC17-0669-430C-83EE-49E3F154EC42}.Release|Any CPU.ActiveCfg = Release|Any CPU
		{842DCC17-0669-430C-83EE-49E3F154EC42}.Release|Any CPU.Build.0 = Release|Any CPU
		{842DCC17-0669-430C-83EE-49E3F154EC42}.Release|Mixed Platforms.ActiveCfg = Release|Any CPU
		{842DCC17-0669-430C-83EE-49E3F154EC42}.Release|Mixed Platforms.Build.0 = Release|Any CPU
		{842DCC17-0669-430C-83EE-49E3F154EC42}.Release|x86.ActiveCfg = Release|Any CPU
		{23CC92AB-F026-4C99-BB83-B0A756FC8849}.Debug|Any CPU.ActiveCfg = Debug|Any CPU
		{23CC92AB-F026-4C99-BB83-B0A756FC8849}.Debug|Any CPU.Build.0 = Debug|Any CPU
		{23CC92AB-F026-4C99-BB83-B0A756FC8849}.Debug|Mixed Platforms.ActiveCfg = Debug|Any CPU
		{23CC92AB-F026-4C99-BB83-B0A756FC8849}.Debug|Mixed Platforms.Build.0 = Debug|Any CPU
		{23CC92AB-F026-4C99-BB83-B0A756FC8849}.Debug|x86.ActiveCfg = Debug|Any CPU
		{23CC92AB-F026-4C99-BB83-B0A756FC8849}.DebugLocal|Any CPU.ActiveCfg = Debug|Any CPU
		{23CC92AB-F026-4C99-BB83-B0A756FC8849}.DebugLocal|Any CPU.Build.0 = Debug|Any CPU
		{23CC92AB-F026-4C99-BB83-B0A756FC8849}.DebugLocal|Mixed Platforms.ActiveCfg = Debug|Any CPU
		{23CC92AB-F026-4C99-BB83-B0A756FC8849}.DebugLocal|Mixed Platforms.Build.0 = Debug|Any CPU
		{23CC92AB-F026-4C99-BB83-B0A756FC8849}.DebugLocal|x86.ActiveCfg = Debug|Any CPU
		{23CC92AB-F026-4C99-BB83-B0A756FC8849}.Indigo_app|Any CPU.ActiveCfg = Debug|Any CPU
		{23CC92AB-F026-4C99-BB83-B0A756FC8849}.Indigo_app|Any CPU.Build.0 = Debug|Any CPU
		{23CC92AB-F026-4C99-BB83-B0A756FC8849}.Indigo_app|Mixed Platforms.ActiveCfg = Debug|Any CPU
		{23CC92AB-F026-4C99-BB83-B0A756FC8849}.Indigo_app|Mixed Platforms.Build.0 = Debug|Any CPU
		{23CC92AB-F026-4C99-BB83-B0A756FC8849}.Indigo_app|x86.ActiveCfg = indigo_app|Any CPU
		{23CC92AB-F026-4C99-BB83-B0A756FC8849}.Indigo_app|x86.Build.0 = indigo_app|Any CPU
		{23CC92AB-F026-4C99-BB83-B0A756FC8849}.Release|Any CPU.ActiveCfg = Release|Any CPU
		{23CC92AB-F026-4C99-BB83-B0A756FC8849}.Release|Any CPU.Build.0 = Release|Any CPU
		{23CC92AB-F026-4C99-BB83-B0A756FC8849}.Release|Mixed Platforms.ActiveCfg = Release|Any CPU
		{23CC92AB-F026-4C99-BB83-B0A756FC8849}.Release|Mixed Platforms.Build.0 = Release|Any CPU
		{23CC92AB-F026-4C99-BB83-B0A756FC8849}.Release|x86.ActiveCfg = Release|Any CPU
		{BFB348B9-8AA2-4326-8157-BBB7DF8F6888}.Debug|Any CPU.ActiveCfg = Debug|Any CPU
		{BFB348B9-8AA2-4326-8157-BBB7DF8F6888}.Debug|Any CPU.Build.0 = Debug|Any CPU
		{BFB348B9-8AA2-4326-8157-BBB7DF8F6888}.Debug|Mixed Platforms.ActiveCfg = Debug|Any CPU
		{BFB348B9-8AA2-4326-8157-BBB7DF8F6888}.Debug|Mixed Platforms.Build.0 = Debug|Any CPU
		{BFB348B9-8AA2-4326-8157-BBB7DF8F6888}.Debug|x86.ActiveCfg = Debug|Any CPU
		{BFB348B9-8AA2-4326-8157-BBB7DF8F6888}.DebugLocal|Any CPU.ActiveCfg = Debug|Any CPU
		{BFB348B9-8AA2-4326-8157-BBB7DF8F6888}.DebugLocal|Any CPU.Build.0 = Debug|Any CPU
		{BFB348B9-8AA2-4326-8157-BBB7DF8F6888}.DebugLocal|Mixed Platforms.ActiveCfg = Debug|Any CPU
		{BFB348B9-8AA2-4326-8157-BBB7DF8F6888}.DebugLocal|Mixed Platforms.Build.0 = Debug|Any CPU
		{BFB348B9-8AA2-4326-8157-BBB7DF8F6888}.DebugLocal|x86.ActiveCfg = Debug|Any CPU
		{BFB348B9-8AA2-4326-8157-BBB7DF8F6888}.Indigo_app|Any CPU.ActiveCfg = Debug|Any CPU
		{BFB348B9-8AA2-4326-8157-BBB7DF8F6888}.Indigo_app|Any CPU.Build.0 = Debug|Any CPU
		{BFB348B9-8AA2-4326-8157-BBB7DF8F6888}.Indigo_app|Mixed Platforms.ActiveCfg = Debug|Any CPU
		{BFB348B9-8AA2-4326-8157-BBB7DF8F6888}.Indigo_app|Mixed Platforms.Build.0 = Debug|Any CPU
		{BFB348B9-8AA2-4326-8157-BBB7DF8F6888}.Indigo_app|x86.ActiveCfg = indigo_app|Any CPU
		{BFB348B9-8AA2-4326-8157-BBB7DF8F6888}.Indigo_app|x86.Build.0 = indigo_app|Any CPU
		{BFB348B9-8AA2-4326-8157-BBB7DF8F6888}.Release|Any CPU.ActiveCfg = Release|Any CPU
		{BFB348B9-8AA2-4326-8157-BBB7DF8F6888}.Release|Any CPU.Build.0 = Release|Any CPU
		{BFB348B9-8AA2-4326-8157-BBB7DF8F6888}.Release|Mixed Platforms.ActiveCfg = Release|Any CPU
		{BFB348B9-8AA2-4326-8157-BBB7DF8F6888}.Release|Mixed Platforms.Build.0 = Release|Any CPU
		{BFB348B9-8AA2-4326-8157-BBB7DF8F6888}.Release|x86.ActiveCfg = Release|Any CPU
		{FE8191D7-AA21-4872-B261-FDA635BA1C1D}.Debug|Any CPU.ActiveCfg = Debug|Any CPU
		{FE8191D7-AA21-4872-B261-FDA635BA1C1D}.Debug|Any CPU.Build.0 = Debug|Any CPU
		{FE8191D7-AA21-4872-B261-FDA635BA1C1D}.Debug|Mixed Platforms.ActiveCfg = Debug|x86
		{FE8191D7-AA21-4872-B261-FDA635BA1C1D}.Debug|Mixed Platforms.Build.0 = Debug|x86
		{FE8191D7-AA21-4872-B261-FDA635BA1C1D}.Debug|x86.ActiveCfg = Debug|x86
		{FE8191D7-AA21-4872-B261-FDA635BA1C1D}.Debug|x86.Build.0 = Debug|x86
		{FE8191D7-AA21-4872-B261-FDA635BA1C1D}.DebugLocal|Any CPU.ActiveCfg = Debug|Any CPU
		{FE8191D7-AA21-4872-B261-FDA635BA1C1D}.DebugLocal|Any CPU.Build.0 = Debug|Any CPU
		{FE8191D7-AA21-4872-B261-FDA635BA1C1D}.DebugLocal|Mixed Platforms.ActiveCfg = Debug|x86
		{FE8191D7-AA21-4872-B261-FDA635BA1C1D}.DebugLocal|Mixed Platforms.Build.0 = Debug|x86
		{FE8191D7-AA21-4872-B261-FDA635BA1C1D}.DebugLocal|x86.ActiveCfg = Debug|x86
		{FE8191D7-AA21-4872-B261-FDA635BA1C1D}.DebugLocal|x86.Build.0 = Debug|x86
		{FE8191D7-AA21-4872-B261-FDA635BA1C1D}.Indigo_app|Any CPU.ActiveCfg = Debug|Any CPU
		{FE8191D7-AA21-4872-B261-FDA635BA1C1D}.Indigo_app|Any CPU.Build.0 = Debug|Any CPU
		{FE8191D7-AA21-4872-B261-FDA635BA1C1D}.Indigo_app|Mixed Platforms.ActiveCfg = Debug|Any CPU
		{FE8191D7-AA21-4872-B261-FDA635BA1C1D}.Indigo_app|Mixed Platforms.Build.0 = Debug|Any CPU
		{FE8191D7-AA21-4872-B261-FDA635BA1C1D}.Indigo_app|x86.ActiveCfg = indigo_app|x86
		{FE8191D7-AA21-4872-B261-FDA635BA1C1D}.Indigo_app|x86.Build.0 = indigo_app|x86
		{FE8191D7-AA21-4872-B261-FDA635BA1C1D}.Release|Any CPU.ActiveCfg = Release|Any CPU
		{FE8191D7-AA21-4872-B261-FDA635BA1C1D}.Release|Any CPU.Build.0 = Release|Any CPU
		{FE8191D7-AA21-4872-B261-FDA635BA1C1D}.Release|Mixed Platforms.ActiveCfg = Release|x86
		{FE8191D7-AA21-4872-B261-FDA635BA1C1D}.Release|Mixed Platforms.Build.0 = Release|x86
		{FE8191D7-AA21-4872-B261-FDA635BA1C1D}.Release|x86.ActiveCfg = Release|x86
		{FE8191D7-AA21-4872-B261-FDA635BA1C1D}.Release|x86.Build.0 = Release|x86
		{A585B1F6-3CFF-41FD-BA3E-736A133A6210}.Debug|Any CPU.ActiveCfg = Debug|Any CPU
		{A585B1F6-3CFF-41FD-BA3E-736A133A6210}.Debug|Any CPU.Build.0 = Debug|Any CPU
		{A585B1F6-3CFF-41FD-BA3E-736A133A6210}.Debug|Mixed Platforms.ActiveCfg = Debug|Any CPU
		{A585B1F6-3CFF-41FD-BA3E-736A133A6210}.Debug|Mixed Platforms.Build.0 = Debug|Any CPU
		{A585B1F6-3CFF-41FD-BA3E-736A133A6210}.Debug|x86.ActiveCfg = Debug|Any CPU
		{A585B1F6-3CFF-41FD-BA3E-736A133A6210}.DebugLocal|Any CPU.ActiveCfg = Debug|Any CPU
		{A585B1F6-3CFF-41FD-BA3E-736A133A6210}.DebugLocal|Any CPU.Build.0 = Debug|Any CPU
		{A585B1F6-3CFF-41FD-BA3E-736A133A6210}.DebugLocal|Mixed Platforms.ActiveCfg = Debug|Any CPU
		{A585B1F6-3CFF-41FD-BA3E-736A133A6210}.DebugLocal|Mixed Platforms.Build.0 = Debug|Any CPU
		{A585B1F6-3CFF-41FD-BA3E-736A133A6210}.DebugLocal|x86.ActiveCfg = Debug|Any CPU
		{A585B1F6-3CFF-41FD-BA3E-736A133A6210}.Indigo_app|Any CPU.ActiveCfg = Debug|Any CPU
		{A585B1F6-3CFF-41FD-BA3E-736A133A6210}.Indigo_app|Any CPU.Build.0 = Debug|Any CPU
		{A585B1F6-3CFF-41FD-BA3E-736A133A6210}.Indigo_app|Mixed Platforms.ActiveCfg = Debug|Any CPU
		{A585B1F6-3CFF-41FD-BA3E-736A133A6210}.Indigo_app|Mixed Platforms.Build.0 = Debug|Any CPU
		{A585B1F6-3CFF-41FD-BA3E-736A133A6210}.Indigo_app|x86.ActiveCfg = indigo_app|Any CPU
		{A585B1F6-3CFF-41FD-BA3E-736A133A6210}.Indigo_app|x86.Build.0 = indigo_app|Any CPU
		{A585B1F6-3CFF-41FD-BA3E-736A133A6210}.Release|Any CPU.ActiveCfg = Release|Any CPU
		{A585B1F6-3CFF-41FD-BA3E-736A133A6210}.Release|Any CPU.Build.0 = Release|Any CPU
		{A585B1F6-3CFF-41FD-BA3E-736A133A6210}.Release|Mixed Platforms.ActiveCfg = Release|Any CPU
		{A585B1F6-3CFF-41FD-BA3E-736A133A6210}.Release|Mixed Platforms.Build.0 = Release|Any CPU
		{A585B1F6-3CFF-41FD-BA3E-736A133A6210}.Release|x86.ActiveCfg = Release|Any CPU
		{A701091B-9F63-4C92-9C91-9810EF7A02CA}.Debug|Any CPU.ActiveCfg = Debug|Any CPU
		{A701091B-9F63-4C92-9C91-9810EF7A02CA}.Debug|Any CPU.Build.0 = Debug|Any CPU
		{A701091B-9F63-4C92-9C91-9810EF7A02CA}.Debug|Mixed Platforms.ActiveCfg = Debug|Any CPU
		{A701091B-9F63-4C92-9C91-9810EF7A02CA}.Debug|Mixed Platforms.Build.0 = Debug|Any CPU
		{A701091B-9F63-4C92-9C91-9810EF7A02CA}.Debug|x86.ActiveCfg = Debug|Any CPU
		{A701091B-9F63-4C92-9C91-9810EF7A02CA}.DebugLocal|Any CPU.ActiveCfg = Debug|Any CPU
		{A701091B-9F63-4C92-9C91-9810EF7A02CA}.DebugLocal|Any CPU.Build.0 = Debug|Any CPU
		{A701091B-9F63-4C92-9C91-9810EF7A02CA}.DebugLocal|Mixed Platforms.ActiveCfg = Debug|Any CPU
		{A701091B-9F63-4C92-9C91-9810EF7A02CA}.DebugLocal|Mixed Platforms.Build.0 = Debug|Any CPU
		{A701091B-9F63-4C92-9C91-9810EF7A02CA}.DebugLocal|x86.ActiveCfg = Debug|Any CPU
		{A701091B-9F63-4C92-9C91-9810EF7A02CA}.Indigo_app|Any CPU.ActiveCfg = Debug|Any CPU
		{A701091B-9F63-4C92-9C91-9810EF7A02CA}.Indigo_app|Any CPU.Build.0 = Debug|Any CPU
		{A701091B-9F63-4C92-9C91-9810EF7A02CA}.Indigo_app|Mixed Platforms.ActiveCfg = Debug|Any CPU
		{A701091B-9F63-4C92-9C91-9810EF7A02CA}.Indigo_app|Mixed Platforms.Build.0 = Debug|Any CPU
		{A701091B-9F63-4C92-9C91-9810EF7A02CA}.Indigo_app|x86.ActiveCfg = indigo_app|Any CPU
		{A701091B-9F63-4C92-9C91-9810EF7A02CA}.Indigo_app|x86.Build.0 = indigo_app|Any CPU
		{A701091B-9F63-4C92-9C91-9810EF7A02CA}.Release|Any CPU.ActiveCfg = Release|Any CPU
		{A701091B-9F63-4C92-9C91-9810EF7A02CA}.Release|Any CPU.Build.0 = Release|Any CPU
		{A701091B-9F63-4C92-9C91-9810EF7A02CA}.Release|Mixed Platforms.ActiveCfg = Release|Any CPU
		{A701091B-9F63-4C92-9C91-9810EF7A02CA}.Release|Mixed Platforms.Build.0 = Release|Any CPU
		{A701091B-9F63-4C92-9C91-9810EF7A02CA}.Release|x86.ActiveCfg = Release|Any CPU
		{03BF6364-DFE6-47D5-8AA3-17839EF44854}.Debug|Any CPU.ActiveCfg = Debug|Any CPU
		{03BF6364-DFE6-47D5-8AA3-17839EF44854}.Debug|Any CPU.Build.0 = Debug|Any CPU
		{03BF6364-DFE6-47D5-8AA3-17839EF44854}.Debug|Mixed Platforms.ActiveCfg = Debug|Any CPU
		{03BF6364-DFE6-47D5-8AA3-17839EF44854}.Debug|Mixed Platforms.Build.0 = Debug|Any CPU
		{03BF6364-DFE6-47D5-8AA3-17839EF44854}.Debug|x86.ActiveCfg = Debug|Any CPU
		{03BF6364-DFE6-47D5-8AA3-17839EF44854}.DebugLocal|Any CPU.ActiveCfg = Debug|Any CPU
		{03BF6364-DFE6-47D5-8AA3-17839EF44854}.DebugLocal|Any CPU.Build.0 = Debug|Any CPU
		{03BF6364-DFE6-47D5-8AA3-17839EF44854}.DebugLocal|Mixed Platforms.ActiveCfg = Debug|Any CPU
		{03BF6364-DFE6-47D5-8AA3-17839EF44854}.DebugLocal|Mixed Platforms.Build.0 = Debug|Any CPU
		{03BF6364-DFE6-47D5-8AA3-17839EF44854}.DebugLocal|x86.ActiveCfg = Debug|Any CPU
		{03BF6364-DFE6-47D5-8AA3-17839EF44854}.Indigo_app|Any CPU.ActiveCfg = Debug|Any CPU
		{03BF6364-DFE6-47D5-8AA3-17839EF44854}.Indigo_app|Any CPU.Build.0 = Debug|Any CPU
		{03BF6364-DFE6-47D5-8AA3-17839EF44854}.Indigo_app|Mixed Platforms.ActiveCfg = Debug|Any CPU
		{03BF6364-DFE6-47D5-8AA3-17839EF44854}.Indigo_app|Mixed Platforms.Build.0 = Debug|Any CPU
		{03BF6364-DFE6-47D5-8AA3-17839EF44854}.Indigo_app|x86.ActiveCfg = indigo_app|Any CPU
		{03BF6364-DFE6-47D5-8AA3-17839EF44854}.Indigo_app|x86.Build.0 = indigo_app|Any CPU
		{03BF6364-DFE6-47D5-8AA3-17839EF44854}.Release|Any CPU.ActiveCfg = Release|Any CPU
		{03BF6364-DFE6-47D5-8AA3-17839EF44854}.Release|Any CPU.Build.0 = Release|Any CPU
		{03BF6364-DFE6-47D5-8AA3-17839EF44854}.Release|Mixed Platforms.ActiveCfg = Release|Any CPU
		{03BF6364-DFE6-47D5-8AA3-17839EF44854}.Release|Mixed Platforms.Build.0 = Release|Any CPU
		{03BF6364-DFE6-47D5-8AA3-17839EF44854}.Release|x86.ActiveCfg = Release|Any CPU
		{53F666E2-D2FF-49E0-8D35-ADDC848A5037}.Debug|Any CPU.ActiveCfg = Debug|Any CPU
		{53F666E2-D2FF-49E0-8D35-ADDC848A5037}.Debug|Any CPU.Build.0 = Debug|Any CPU
		{53F666E2-D2FF-49E0-8D35-ADDC848A5037}.Debug|Mixed Platforms.ActiveCfg = Debug|x86
		{53F666E2-D2FF-49E0-8D35-ADDC848A5037}.Debug|Mixed Platforms.Build.0 = Debug|x86
		{53F666E2-D2FF-49E0-8D35-ADDC848A5037}.Debug|x86.ActiveCfg = Debug|x86
		{53F666E2-D2FF-49E0-8D35-ADDC848A5037}.Debug|x86.Build.0 = Debug|x86
		{53F666E2-D2FF-49E0-8D35-ADDC848A5037}.DebugLocal|Any CPU.ActiveCfg = Debug|Any CPU
		{53F666E2-D2FF-49E0-8D35-ADDC848A5037}.DebugLocal|Any CPU.Build.0 = Debug|Any CPU
		{53F666E2-D2FF-49E0-8D35-ADDC848A5037}.DebugLocal|Mixed Platforms.ActiveCfg = Debug|x86
		{53F666E2-D2FF-49E0-8D35-ADDC848A5037}.DebugLocal|Mixed Platforms.Build.0 = Debug|x86
		{53F666E2-D2FF-49E0-8D35-ADDC848A5037}.DebugLocal|x86.ActiveCfg = Debug|x86
		{53F666E2-D2FF-49E0-8D35-ADDC848A5037}.DebugLocal|x86.Build.0 = Debug|x86
		{53F666E2-D2FF-49E0-8D35-ADDC848A5037}.Indigo_app|Any CPU.ActiveCfg = Debug|Any CPU
		{53F666E2-D2FF-49E0-8D35-ADDC848A5037}.Indigo_app|Mixed Platforms.ActiveCfg = Debug|x86
		{53F666E2-D2FF-49E0-8D35-ADDC848A5037}.Indigo_app|x86.ActiveCfg = indigo_app|x86
		{53F666E2-D2FF-49E0-8D35-ADDC848A5037}.Indigo_app|x86.Build.0 = indigo_app|x86
		{53F666E2-D2FF-49E0-8D35-ADDC848A5037}.Release|Any CPU.ActiveCfg = Release|Any CPU
		{53F666E2-D2FF-49E0-8D35-ADDC848A5037}.Release|Any CPU.Build.0 = Release|Any CPU
		{53F666E2-D2FF-49E0-8D35-ADDC848A5037}.Release|Mixed Platforms.ActiveCfg = Release|x86
		{53F666E2-D2FF-49E0-8D35-ADDC848A5037}.Release|Mixed Platforms.Build.0 = Release|x86
		{53F666E2-D2FF-49E0-8D35-ADDC848A5037}.Release|x86.ActiveCfg = Release|x86
		{53F666E2-D2FF-49E0-8D35-ADDC848A5037}.Release|x86.Build.0 = Release|x86
		{DDF215DA-6F5F-43FB-B5EA-1E4C439BB88C}.Debug|Any CPU.ActiveCfg = Debug|Any CPU
		{DDF215DA-6F5F-43FB-B5EA-1E4C439BB88C}.Debug|Any CPU.Build.0 = Debug|Any CPU
		{DDF215DA-6F5F-43FB-B5EA-1E4C439BB88C}.Debug|Mixed Platforms.ActiveCfg = Debug|Any CPU
		{DDF215DA-6F5F-43FB-B5EA-1E4C439BB88C}.Debug|Mixed Platforms.Build.0 = Debug|Any CPU
		{DDF215DA-6F5F-43FB-B5EA-1E4C439BB88C}.Debug|x86.ActiveCfg = Debug|Any CPU
		{DDF215DA-6F5F-43FB-B5EA-1E4C439BB88C}.Debug|x86.Build.0 = Debug|Any CPU
		{DDF215DA-6F5F-43FB-B5EA-1E4C439BB88C}.DebugLocal|Any CPU.ActiveCfg = Debug|Any CPU
		{DDF215DA-6F5F-43FB-B5EA-1E4C439BB88C}.DebugLocal|Any CPU.Build.0 = Debug|Any CPU
		{DDF215DA-6F5F-43FB-B5EA-1E4C439BB88C}.DebugLocal|Mixed Platforms.ActiveCfg = Debug|Any CPU
		{DDF215DA-6F5F-43FB-B5EA-1E4C439BB88C}.DebugLocal|Mixed Platforms.Build.0 = Debug|Any CPU
		{DDF215DA-6F5F-43FB-B5EA-1E4C439BB88C}.DebugLocal|x86.ActiveCfg = Debug|Any CPU
		{DDF215DA-6F5F-43FB-B5EA-1E4C439BB88C}.DebugLocal|x86.Build.0 = Debug|Any CPU
		{DDF215DA-6F5F-43FB-B5EA-1E4C439BB88C}.Indigo_app|Any CPU.ActiveCfg = Debug|Any CPU
		{DDF215DA-6F5F-43FB-B5EA-1E4C439BB88C}.Indigo_app|Mixed Platforms.ActiveCfg = Debug|Any CPU
		{DDF215DA-6F5F-43FB-B5EA-1E4C439BB88C}.Indigo_app|x86.ActiveCfg = indigo_app|Any CPU
		{DDF215DA-6F5F-43FB-B5EA-1E4C439BB88C}.Indigo_app|x86.Build.0 = indigo_app|Any CPU
		{DDF215DA-6F5F-43FB-B5EA-1E4C439BB88C}.Release|Any CPU.ActiveCfg = Release|Any CPU
		{DDF215DA-6F5F-43FB-B5EA-1E4C439BB88C}.Release|Mixed Platforms.ActiveCfg = Release|Any CPU
		{DDF215DA-6F5F-43FB-B5EA-1E4C439BB88C}.Release|Mixed Platforms.Build.0 = Release|Any CPU
		{DDF215DA-6F5F-43FB-B5EA-1E4C439BB88C}.Release|x86.ActiveCfg = Release|Any CPU
		{DDF215DA-6F5F-43FB-B5EA-1E4C439BB88C}.Release|x86.Build.0 = Release|Any CPU
		{3B3ECE6B-F8C9-4150-999D-0CAD9BA5B76F}.Debug|Any CPU.ActiveCfg = Debug|Any CPU
		{3B3ECE6B-F8C9-4150-999D-0CAD9BA5B76F}.Debug|Any CPU.Build.0 = Debug|Any CPU
		{3B3ECE6B-F8C9-4150-999D-0CAD9BA5B76F}.Debug|Mixed Platforms.ActiveCfg = Debug|Any CPU
		{3B3ECE6B-F8C9-4150-999D-0CAD9BA5B76F}.Debug|Mixed Platforms.Build.0 = Debug|Any CPU
		{3B3ECE6B-F8C9-4150-999D-0CAD9BA5B76F}.Debug|x86.ActiveCfg = Debug|Any CPU
		{3B3ECE6B-F8C9-4150-999D-0CAD9BA5B76F}.Debug|x86.Build.0 = Debug|Any CPU
		{3B3ECE6B-F8C9-4150-999D-0CAD9BA5B76F}.DebugLocal|Any CPU.ActiveCfg = Debug|Any CPU
		{3B3ECE6B-F8C9-4150-999D-0CAD9BA5B76F}.DebugLocal|Any CPU.Build.0 = Debug|Any CPU
		{3B3ECE6B-F8C9-4150-999D-0CAD9BA5B76F}.DebugLocal|Mixed Platforms.ActiveCfg = Debug|Any CPU
		{3B3ECE6B-F8C9-4150-999D-0CAD9BA5B76F}.DebugLocal|Mixed Platforms.Build.0 = Debug|Any CPU
		{3B3ECE6B-F8C9-4150-999D-0CAD9BA5B76F}.DebugLocal|x86.ActiveCfg = Debug|Any CPU
		{3B3ECE6B-F8C9-4150-999D-0CAD9BA5B76F}.DebugLocal|x86.Build.0 = Debug|Any CPU
		{3B3ECE6B-F8C9-4150-999D-0CAD9BA5B76F}.Indigo_app|Any CPU.ActiveCfg = Debug|Any CPU
		{3B3ECE6B-F8C9-4150-999D-0CAD9BA5B76F}.Indigo_app|Any CPU.Build.0 = Debug|Any CPU
		{3B3ECE6B-F8C9-4150-999D-0CAD9BA5B76F}.Indigo_app|Mixed Platforms.ActiveCfg = Debug|Any CPU
		{3B3ECE6B-F8C9-4150-999D-0CAD9BA5B76F}.Indigo_app|Mixed Platforms.Build.0 = Debug|Any CPU
		{3B3ECE6B-F8C9-4150-999D-0CAD9BA5B76F}.Indigo_app|x86.ActiveCfg = Indigo_app|Any CPU
		{3B3ECE6B-F8C9-4150-999D-0CAD9BA5B76F}.Indigo_app|x86.Build.0 = Indigo_app|Any CPU
		{3B3ECE6B-F8C9-4150-999D-0CAD9BA5B76F}.Release|Any CPU.ActiveCfg = Release|Any CPU
		{3B3ECE6B-F8C9-4150-999D-0CAD9BA5B76F}.Release|Any CPU.Build.0 = Release|Any CPU
		{3B3ECE6B-F8C9-4150-999D-0CAD9BA5B76F}.Release|Mixed Platforms.ActiveCfg = Release|Any CPU
		{3B3ECE6B-F8C9-4150-999D-0CAD9BA5B76F}.Release|Mixed Platforms.Build.0 = Release|Any CPU
		{3B3ECE6B-F8C9-4150-999D-0CAD9BA5B76F}.Release|x86.ActiveCfg = Release|Any CPU
		{3B3ECE6B-F8C9-4150-999D-0CAD9BA5B76F}.Release|x86.Build.0 = Release|Any CPU
		{20E8A786-155A-4E7B-A374-248783225916}.Debug|Any CPU.ActiveCfg = Debug|Any CPU
		{20E8A786-155A-4E7B-A374-248783225916}.Debug|Any CPU.Build.0 = Debug|Any CPU
		{20E8A786-155A-4E7B-A374-248783225916}.Debug|Any CPU.Deploy.0 = Debug|Any CPU
		{20E8A786-155A-4E7B-A374-248783225916}.Debug|Mixed Platforms.ActiveCfg = Debug|Any CPU
		{20E8A786-155A-4E7B-A374-248783225916}.Debug|Mixed Platforms.Build.0 = Debug|Any CPU
		{20E8A786-155A-4E7B-A374-248783225916}.Debug|Mixed Platforms.Deploy.0 = Debug|Any CPU
		{20E8A786-155A-4E7B-A374-248783225916}.Debug|x86.ActiveCfg = Debug|Any CPU
		{20E8A786-155A-4E7B-A374-248783225916}.Debug|x86.Build.0 = Debug|Any CPU
		{20E8A786-155A-4E7B-A374-248783225916}.Debug|x86.Deploy.0 = Debug|Any CPU
		{20E8A786-155A-4E7B-A374-248783225916}.DebugLocal|Any CPU.ActiveCfg = Debug|Any CPU
		{20E8A786-155A-4E7B-A374-248783225916}.DebugLocal|Any CPU.Build.0 = Debug|Any CPU
		{20E8A786-155A-4E7B-A374-248783225916}.DebugLocal|Any CPU.Deploy.0 = Debug|Any CPU
		{20E8A786-155A-4E7B-A374-248783225916}.DebugLocal|Mixed Platforms.ActiveCfg = Debug|Any CPU
		{20E8A786-155A-4E7B-A374-248783225916}.DebugLocal|Mixed Platforms.Build.0 = Debug|Any CPU
		{20E8A786-155A-4E7B-A374-248783225916}.DebugLocal|Mixed Platforms.Deploy.0 = Debug|Any CPU
		{20E8A786-155A-4E7B-A374-248783225916}.DebugLocal|x86.ActiveCfg = Debug|Any CPU
		{20E8A786-155A-4E7B-A374-248783225916}.DebugLocal|x86.Build.0 = Debug|Any CPU
		{20E8A786-155A-4E7B-A374-248783225916}.DebugLocal|x86.Deploy.0 = Debug|Any CPU
		{20E8A786-155A-4E7B-A374-248783225916}.Indigo_app|Any CPU.ActiveCfg = Debug|Any CPU
		{20E8A786-155A-4E7B-A374-248783225916}.Indigo_app|Any CPU.Build.0 = Debug|Any CPU
		{20E8A786-155A-4E7B-A374-248783225916}.Indigo_app|Any CPU.Deploy.0 = Debug|Any CPU
		{20E8A786-155A-4E7B-A374-248783225916}.Indigo_app|Mixed Platforms.ActiveCfg = Debug|Any CPU
		{20E8A786-155A-4E7B-A374-248783225916}.Indigo_app|Mixed Platforms.Deploy.0 = Debug|Any CPU
		{20E8A786-155A-4E7B-A374-248783225916}.Indigo_app|x86.ActiveCfg = indigo_app|Any CPU
		{20E8A786-155A-4E7B-A374-248783225916}.Indigo_app|x86.Build.0 = indigo_app|Any CPU
		{20E8A786-155A-4E7B-A374-248783225916}.Indigo_app|x86.Deploy.0 = indigo_app|Any CPU
		{20E8A786-155A-4E7B-A374-248783225916}.Release|Any CPU.ActiveCfg = Release|Any CPU
		{20E8A786-155A-4E7B-A374-248783225916}.Release|Any CPU.Build.0 = Release|Any CPU
		{20E8A786-155A-4E7B-A374-248783225916}.Release|Any CPU.Deploy.0 = Release|Any CPU
		{20E8A786-155A-4E7B-A374-248783225916}.Release|Mixed Platforms.ActiveCfg = Release|Any CPU
		{20E8A786-155A-4E7B-A374-248783225916}.Release|Mixed Platforms.Build.0 = Release|Any CPU
		{20E8A786-155A-4E7B-A374-248783225916}.Release|Mixed Platforms.Deploy.0 = Release|Any CPU
		{20E8A786-155A-4E7B-A374-248783225916}.Release|x86.ActiveCfg = Release|Any CPU
		{20E8A786-155A-4E7B-A374-248783225916}.Release|x86.Build.0 = Release|Any CPU
		{20E8A786-155A-4E7B-A374-248783225916}.Release|x86.Deploy.0 = Release|Any CPU
		{D646FB91-5622-424D-94D7-2E9EAD17E5D1}.Debug|Any CPU.ActiveCfg = Debug|Any CPU
		{D646FB91-5622-424D-94D7-2E9EAD17E5D1}.Debug|Any CPU.Build.0 = Debug|Any CPU
		{D646FB91-5622-424D-94D7-2E9EAD17E5D1}.Debug|Mixed Platforms.ActiveCfg = Debug|Any CPU
		{D646FB91-5622-424D-94D7-2E9EAD17E5D1}.Debug|Mixed Platforms.Build.0 = Debug|Any CPU
		{D646FB91-5622-424D-94D7-2E9EAD17E5D1}.Debug|x86.ActiveCfg = Debug|Any CPU
		{D646FB91-5622-424D-94D7-2E9EAD17E5D1}.Debug|x86.Build.0 = Debug|Any CPU
		{D646FB91-5622-424D-94D7-2E9EAD17E5D1}.DebugLocal|Any CPU.ActiveCfg = Debug|Any CPU
		{D646FB91-5622-424D-94D7-2E9EAD17E5D1}.DebugLocal|Any CPU.Build.0 = Debug|Any CPU
		{D646FB91-5622-424D-94D7-2E9EAD17E5D1}.DebugLocal|Mixed Platforms.ActiveCfg = Debug|Any CPU
		{D646FB91-5622-424D-94D7-2E9EAD17E5D1}.DebugLocal|Mixed Platforms.Build.0 = Debug|Any CPU
		{D646FB91-5622-424D-94D7-2E9EAD17E5D1}.DebugLocal|x86.ActiveCfg = Debug|Any CPU
		{D646FB91-5622-424D-94D7-2E9EAD17E5D1}.DebugLocal|x86.Build.0 = Debug|Any CPU
		{D646FB91-5622-424D-94D7-2E9EAD17E5D1}.Indigo_app|Any CPU.ActiveCfg = Release|Any CPU
		{D646FB91-5622-424D-94D7-2E9EAD17E5D1}.Indigo_app|Mixed Platforms.ActiveCfg = Release|Any CPU
		{D646FB91-5622-424D-94D7-2E9EAD17E5D1}.Indigo_app|x86.ActiveCfg = Release|Any CPU
		{D646FB91-5622-424D-94D7-2E9EAD17E5D1}.Release|Any CPU.ActiveCfg = Release|Any CPU
		{D646FB91-5622-424D-94D7-2E9EAD17E5D1}.Release|Any CPU.Build.0 = Release|Any CPU
		{D646FB91-5622-424D-94D7-2E9EAD17E5D1}.Release|Mixed Platforms.ActiveCfg = Release|Any CPU
		{D646FB91-5622-424D-94D7-2E9EAD17E5D1}.Release|Mixed Platforms.Build.0 = Release|Any CPU
		{D646FB91-5622-424D-94D7-2E9EAD17E5D1}.Release|x86.ActiveCfg = Release|Any CPU
		{D646FB91-5622-424D-94D7-2E9EAD17E5D1}.Release|x86.Build.0 = Release|Any CPU
		{645B6461-BC70-42CF-8BA8-017D0E3838C0}.Debug|Any CPU.ActiveCfg = Debug|Any CPU
		{645B6461-BC70-42CF-8BA8-017D0E3838C0}.Debug|Any CPU.Build.0 = Debug|Any CPU
		{645B6461-BC70-42CF-8BA8-017D0E3838C0}.Debug|Mixed Platforms.ActiveCfg = Debug|Any CPU
		{645B6461-BC70-42CF-8BA8-017D0E3838C0}.Debug|Mixed Platforms.Build.0 = Debug|Any CPU
		{645B6461-BC70-42CF-8BA8-017D0E3838C0}.Debug|x86.ActiveCfg = Debug|Any CPU
		{645B6461-BC70-42CF-8BA8-017D0E3838C0}.Debug|x86.Build.0 = Debug|Any CPU
		{645B6461-BC70-42CF-8BA8-017D0E3838C0}.DebugLocal|Any CPU.ActiveCfg = Debug|Any CPU
		{645B6461-BC70-42CF-8BA8-017D0E3838C0}.DebugLocal|Any CPU.Build.0 = Debug|Any CPU
		{645B6461-BC70-42CF-8BA8-017D0E3838C0}.DebugLocal|Mixed Platforms.ActiveCfg = Debug|Any CPU
		{645B6461-BC70-42CF-8BA8-017D0E3838C0}.DebugLocal|Mixed Platforms.Build.0 = Debug|Any CPU
		{645B6461-BC70-42CF-8BA8-017D0E3838C0}.DebugLocal|x86.ActiveCfg = Debug|Any CPU
		{645B6461-BC70-42CF-8BA8-017D0E3838C0}.DebugLocal|x86.Build.0 = Debug|Any CPU
		{645B6461-BC70-42CF-8BA8-017D0E3838C0}.Indigo_app|Any CPU.ActiveCfg = Debug|Any CPU
		{645B6461-BC70-42CF-8BA8-017D0E3838C0}.Indigo_app|Any CPU.Build.0 = Debug|Any CPU
		{645B6461-BC70-42CF-8BA8-017D0E3838C0}.Indigo_app|Mixed Platforms.ActiveCfg = Debug|Any CPU
		{645B6461-BC70-42CF-8BA8-017D0E3838C0}.Indigo_app|Mixed Platforms.Build.0 = Debug|Any CPU
		{645B6461-BC70-42CF-8BA8-017D0E3838C0}.Indigo_app|x86.ActiveCfg = indigo_app|Any CPU
		{645B6461-BC70-42CF-8BA8-017D0E3838C0}.Indigo_app|x86.Build.0 = indigo_app|Any CPU
		{645B6461-BC70-42CF-8BA8-017D0E3838C0}.Release|Any CPU.ActiveCfg = Release|Any CPU
		{645B6461-BC70-42CF-8BA8-017D0E3838C0}.Release|Any CPU.Build.0 = Release|Any CPU
		{645B6461-BC70-42CF-8BA8-017D0E3838C0}.Release|Mixed Platforms.ActiveCfg = Release|Any CPU
		{645B6461-BC70-42CF-8BA8-017D0E3838C0}.Release|Mixed Platforms.Build.0 = Release|Any CPU
		{645B6461-BC70-42CF-8BA8-017D0E3838C0}.Release|x86.ActiveCfg = Release|Any CPU
		{645B6461-BC70-42CF-8BA8-017D0E3838C0}.Release|x86.Build.0 = Release|Any CPU
		{48751771-6251-41DB-A96D-E6F996D7C82D}.Debug|Any CPU.ActiveCfg = Debug|Any CPU
		{48751771-6251-41DB-A96D-E6F996D7C82D}.Debug|Any CPU.Build.0 = Debug|Any CPU
		{48751771-6251-41DB-A96D-E6F996D7C82D}.Debug|Mixed Platforms.ActiveCfg = Debug|Any CPU
		{48751771-6251-41DB-A96D-E6F996D7C82D}.Debug|Mixed Platforms.Build.0 = Debug|Any CPU
		{48751771-6251-41DB-A96D-E6F996D7C82D}.Debug|x86.ActiveCfg = Debug|Any CPU
		{48751771-6251-41DB-A96D-E6F996D7C82D}.Debug|x86.Build.0 = Debug|Any CPU
		{48751771-6251-41DB-A96D-E6F996D7C82D}.DebugLocal|Any CPU.ActiveCfg = Debug|Any CPU
		{48751771-6251-41DB-A96D-E6F996D7C82D}.DebugLocal|Any CPU.Build.0 = Debug|Any CPU
		{48751771-6251-41DB-A96D-E6F996D7C82D}.DebugLocal|Mixed Platforms.ActiveCfg = Debug|Any CPU
		{48751771-6251-41DB-A96D-E6F996D7C82D}.DebugLocal|Mixed Platforms.Build.0 = Debug|Any CPU
		{48751771-6251-41DB-A96D-E6F996D7C82D}.DebugLocal|x86.ActiveCfg = Debug|Any CPU
		{48751771-6251-41DB-A96D-E6F996D7C82D}.DebugLocal|x86.Build.0 = Debug|Any CPU
		{48751771-6251-41DB-A96D-E6F996D7C82D}.Indigo_app|Any CPU.ActiveCfg = Debug|Any CPU
		{48751771-6251-41DB-A96D-E6F996D7C82D}.Indigo_app|Mixed Platforms.ActiveCfg = Debug|Any CPU
		{48751771-6251-41DB-A96D-E6F996D7C82D}.Indigo_app|x86.ActiveCfg = indigo_app|Any CPU
		{48751771-6251-41DB-A96D-E6F996D7C82D}.Indigo_app|x86.Build.0 = indigo_app|Any CPU
		{48751771-6251-41DB-A96D-E6F996D7C82D}.Release|Any CPU.ActiveCfg = Release|Any CPU
		{48751771-6251-41DB-A96D-E6F996D7C82D}.Release|Any CPU.Build.0 = Release|Any CPU
		{48751771-6251-41DB-A96D-E6F996D7C82D}.Release|Mixed Platforms.ActiveCfg = Release|Any CPU
		{48751771-6251-41DB-A96D-E6F996D7C82D}.Release|Mixed Platforms.Build.0 = Release|Any CPU
		{48751771-6251-41DB-A96D-E6F996D7C82D}.Release|x86.ActiveCfg = Release|Any CPU
		{48751771-6251-41DB-A96D-E6F996D7C82D}.Release|x86.Build.0 = Release|Any CPU
		{B4D885D3-3A2B-43FB-8EDD-BFA2054F5501}.Debug|Any CPU.ActiveCfg = Debug|Any CPU
		{B4D885D3-3A2B-43FB-8EDD-BFA2054F5501}.Debug|Any CPU.Build.0 = Debug|Any CPU
		{B4D885D3-3A2B-43FB-8EDD-BFA2054F5501}.Debug|Mixed Platforms.ActiveCfg = Debug|Any CPU
		{B4D885D3-3A2B-43FB-8EDD-BFA2054F5501}.Debug|Mixed Platforms.Build.0 = Debug|Any CPU
		{B4D885D3-3A2B-43FB-8EDD-BFA2054F5501}.Debug|x86.ActiveCfg = Debug|Any CPU
		{B4D885D3-3A2B-43FB-8EDD-BFA2054F5501}.Debug|x86.Build.0 = Debug|Any CPU
		{B4D885D3-3A2B-43FB-8EDD-BFA2054F5501}.DebugLocal|Any CPU.ActiveCfg = Debug|Any CPU
		{B4D885D3-3A2B-43FB-8EDD-BFA2054F5501}.DebugLocal|Any CPU.Build.0 = Debug|Any CPU
		{B4D885D3-3A2B-43FB-8EDD-BFA2054F5501}.DebugLocal|Mixed Platforms.ActiveCfg = Debug|Any CPU
		{B4D885D3-3A2B-43FB-8EDD-BFA2054F5501}.DebugLocal|Mixed Platforms.Build.0 = Debug|Any CPU
		{B4D885D3-3A2B-43FB-8EDD-BFA2054F5501}.DebugLocal|x86.ActiveCfg = Debug|Any CPU
		{B4D885D3-3A2B-43FB-8EDD-BFA2054F5501}.DebugLocal|x86.Build.0 = Debug|Any CPU
		{B4D885D3-3A2B-43FB-8EDD-BFA2054F5501}.Indigo_app|Any CPU.ActiveCfg = Debug|Any CPU
		{B4D885D3-3A2B-43FB-8EDD-BFA2054F5501}.Indigo_app|Mixed Platforms.ActiveCfg = Debug|Any CPU
		{B4D885D3-3A2B-43FB-8EDD-BFA2054F5501}.Indigo_app|x86.ActiveCfg = indigo_app|Any CPU
		{B4D885D3-3A2B-43FB-8EDD-BFA2054F5501}.Indigo_app|x86.Build.0 = indigo_app|Any CPU
		{B4D885D3-3A2B-43FB-8EDD-BFA2054F5501}.Release|Any CPU.ActiveCfg = Release|Any CPU
		{B4D885D3-3A2B-43FB-8EDD-BFA2054F5501}.Release|Any CPU.Build.0 = Release|Any CPU
		{B4D885D3-3A2B-43FB-8EDD-BFA2054F5501}.Release|Mixed Platforms.ActiveCfg = Release|Any CPU
		{B4D885D3-3A2B-43FB-8EDD-BFA2054F5501}.Release|Mixed Platforms.Build.0 = Release|Any CPU
		{B4D885D3-3A2B-43FB-8EDD-BFA2054F5501}.Release|x86.ActiveCfg = Release|Any CPU
		{B4D885D3-3A2B-43FB-8EDD-BFA2054F5501}.Release|x86.Build.0 = Release|Any CPU
		{D53E9EA5-E864-429E-97F6-5163FEFF31CF}.Debug|Any CPU.ActiveCfg = Debug|Any CPU
		{D53E9EA5-E864-429E-97F6-5163FEFF31CF}.Debug|Any CPU.Build.0 = Debug|Any CPU
		{D53E9EA5-E864-429E-97F6-5163FEFF31CF}.Debug|Mixed Platforms.ActiveCfg = Debug|Any CPU
		{D53E9EA5-E864-429E-97F6-5163FEFF31CF}.Debug|Mixed Platforms.Build.0 = Debug|Any CPU
		{D53E9EA5-E864-429E-97F6-5163FEFF31CF}.Debug|x86.ActiveCfg = Debug|Any CPU
		{D53E9EA5-E864-429E-97F6-5163FEFF31CF}.Debug|x86.Build.0 = Debug|Any CPU
		{D53E9EA5-E864-429E-97F6-5163FEFF31CF}.DebugLocal|Any CPU.ActiveCfg = Debug|Any CPU
		{D53E9EA5-E864-429E-97F6-5163FEFF31CF}.DebugLocal|Any CPU.Build.0 = Debug|Any CPU
		{D53E9EA5-E864-429E-97F6-5163FEFF31CF}.DebugLocal|Mixed Platforms.ActiveCfg = Debug|Any CPU
		{D53E9EA5-E864-429E-97F6-5163FEFF31CF}.DebugLocal|Mixed Platforms.Build.0 = Debug|Any CPU
		{D53E9EA5-E864-429E-97F6-5163FEFF31CF}.DebugLocal|x86.ActiveCfg = Debug|Any CPU
		{D53E9EA5-E864-429E-97F6-5163FEFF31CF}.DebugLocal|x86.Build.0 = Debug|Any CPU
		{D53E9EA5-E864-429E-97F6-5163FEFF31CF}.Indigo_app|Any CPU.ActiveCfg = Debug|Any CPU
		{D53E9EA5-E864-429E-97F6-5163FEFF31CF}.Indigo_app|Any CPU.Build.0 = Debug|Any CPU
		{D53E9EA5-E864-429E-97F6-5163FEFF31CF}.Indigo_app|Mixed Platforms.ActiveCfg = Debug|Any CPU
		{D53E9EA5-E864-429E-97F6-5163FEFF31CF}.Indigo_app|Mixed Platforms.Build.0 = Debug|Any CPU
		{D53E9EA5-E864-429E-97F6-5163FEFF31CF}.Indigo_app|x86.ActiveCfg = Indigo_app|Any CPU
		{D53E9EA5-E864-429E-97F6-5163FEFF31CF}.Indigo_app|x86.Build.0 = Indigo_app|Any CPU
		{D53E9EA5-E864-429E-97F6-5163FEFF31CF}.Release|Any CPU.ActiveCfg = Release|Any CPU
		{D53E9EA5-E864-429E-97F6-5163FEFF31CF}.Release|Any CPU.Build.0 = Release|Any CPU
		{D53E9EA5-E864-429E-97F6-5163FEFF31CF}.Release|Mixed Platforms.ActiveCfg = Release|Any CPU
		{D53E9EA5-E864-429E-97F6-5163FEFF31CF}.Release|Mixed Platforms.Build.0 = Release|Any CPU
		{D53E9EA5-E864-429E-97F6-5163FEFF31CF}.Release|x86.ActiveCfg = Release|Any CPU
		{D53E9EA5-E864-429E-97F6-5163FEFF31CF}.Release|x86.Build.0 = Release|Any CPU
		{D3970F4D-2B09-49F5-B68F-0D7E34D4FA7A}.Debug|Any CPU.ActiveCfg = Debug|Any CPU
		{D3970F4D-2B09-49F5-B68F-0D7E34D4FA7A}.Debug|Any CPU.Build.0 = Debug|Any CPU
		{D3970F4D-2B09-49F5-B68F-0D7E34D4FA7A}.Debug|Mixed Platforms.ActiveCfg = Debug|Any CPU
		{D3970F4D-2B09-49F5-B68F-0D7E34D4FA7A}.Debug|Mixed Platforms.Build.0 = Debug|Any CPU
		{D3970F4D-2B09-49F5-B68F-0D7E34D4FA7A}.Debug|x86.ActiveCfg = Debug|Any CPU
		{D3970F4D-2B09-49F5-B68F-0D7E34D4FA7A}.Debug|x86.Build.0 = Debug|Any CPU
		{D3970F4D-2B09-49F5-B68F-0D7E34D4FA7A}.DebugLocal|Any CPU.ActiveCfg = Debug|Any CPU
		{D3970F4D-2B09-49F5-B68F-0D7E34D4FA7A}.DebugLocal|Any CPU.Build.0 = Debug|Any CPU
		{D3970F4D-2B09-49F5-B68F-0D7E34D4FA7A}.DebugLocal|Mixed Platforms.ActiveCfg = Debug|Any CPU
		{D3970F4D-2B09-49F5-B68F-0D7E34D4FA7A}.DebugLocal|Mixed Platforms.Build.0 = Debug|Any CPU
		{D3970F4D-2B09-49F5-B68F-0D7E34D4FA7A}.DebugLocal|x86.ActiveCfg = Debug|Any CPU
		{D3970F4D-2B09-49F5-B68F-0D7E34D4FA7A}.DebugLocal|x86.Build.0 = Debug|Any CPU
		{D3970F4D-2B09-49F5-B68F-0D7E34D4FA7A}.Indigo_app|Any CPU.ActiveCfg = Debug|Any CPU
		{D3970F4D-2B09-49F5-B68F-0D7E34D4FA7A}.Indigo_app|Mixed Platforms.ActiveCfg = Debug|Any CPU
		{D3970F4D-2B09-49F5-B68F-0D7E34D4FA7A}.Indigo_app|x86.ActiveCfg = indigo_app|Any CPU
		{D3970F4D-2B09-49F5-B68F-0D7E34D4FA7A}.Indigo_app|x86.Build.0 = indigo_app|Any CPU
		{D3970F4D-2B09-49F5-B68F-0D7E34D4FA7A}.Release|Any CPU.ActiveCfg = Release|Any CPU
		{D3970F4D-2B09-49F5-B68F-0D7E34D4FA7A}.Release|Any CPU.Build.0 = Release|Any CPU
		{D3970F4D-2B09-49F5-B68F-0D7E34D4FA7A}.Release|Mixed Platforms.ActiveCfg = Release|Any CPU
		{D3970F4D-2B09-49F5-B68F-0D7E34D4FA7A}.Release|Mixed Platforms.Build.0 = Release|Any CPU
		{D3970F4D-2B09-49F5-B68F-0D7E34D4FA7A}.Release|x86.ActiveCfg = Release|Any CPU
		{D3970F4D-2B09-49F5-B68F-0D7E34D4FA7A}.Release|x86.Build.0 = Release|Any CPU
		{3045ED5B-DEF5-4FF7-81FD-998415BB60E2}.Debug|Any CPU.ActiveCfg = Debug
		{3045ED5B-DEF5-4FF7-81FD-998415BB60E2}.Debug|Any CPU.Build.0 = Debug
		{3045ED5B-DEF5-4FF7-81FD-998415BB60E2}.Debug|Any CPU.Deploy.0 = Debug
		{3045ED5B-DEF5-4FF7-81FD-998415BB60E2}.Debug|Mixed Platforms.ActiveCfg = Debug
		{3045ED5B-DEF5-4FF7-81FD-998415BB60E2}.Debug|Mixed Platforms.Build.0 = Debug
		{3045ED5B-DEF5-4FF7-81FD-998415BB60E2}.Debug|Mixed Platforms.Deploy.0 = Debug
		{3045ED5B-DEF5-4FF7-81FD-998415BB60E2}.Debug|x86.ActiveCfg = Debug
		{3045ED5B-DEF5-4FF7-81FD-998415BB60E2}.Debug|x86.Build.0 = Debug
		{3045ED5B-DEF5-4FF7-81FD-998415BB60E2}.Debug|x86.Deploy.0 = Debug
		{3045ED5B-DEF5-4FF7-81FD-998415BB60E2}.DebugLocal|Any CPU.ActiveCfg = DebugLocal
		{3045ED5B-DEF5-4FF7-81FD-998415BB60E2}.DebugLocal|Any CPU.Build.0 = DebugLocal
		{3045ED5B-DEF5-4FF7-81FD-998415BB60E2}.DebugLocal|Any CPU.Deploy.0 = DebugLocal
		{3045ED5B-DEF5-4FF7-81FD-998415BB60E2}.DebugLocal|Mixed Platforms.ActiveCfg = DebugLocal
		{3045ED5B-DEF5-4FF7-81FD-998415BB60E2}.DebugLocal|Mixed Platforms.Build.0 = DebugLocal
		{3045ED5B-DEF5-4FF7-81FD-998415BB60E2}.DebugLocal|Mixed Platforms.Deploy.0 = DebugLocal
		{3045ED5B-DEF5-4FF7-81FD-998415BB60E2}.DebugLocal|x86.ActiveCfg = DebugLocal
		{3045ED5B-DEF5-4FF7-81FD-998415BB60E2}.DebugLocal|x86.Build.0 = DebugLocal
		{3045ED5B-DEF5-4FF7-81FD-998415BB60E2}.DebugLocal|x86.Deploy.0 = DebugLocal
		{3045ED5B-DEF5-4FF7-81FD-998415BB60E2}.Indigo_app|Any CPU.ActiveCfg = 
		{3045ED5B-DEF5-4FF7-81FD-998415BB60E2}.Indigo_app|Any CPU.Build.0 = 
		{3045ED5B-DEF5-4FF7-81FD-998415BB60E2}.Indigo_app|Any CPU.Deploy.0 = 
		{3045ED5B-DEF5-4FF7-81FD-998415BB60E2}.Indigo_app|Mixed Platforms.ActiveCfg = 
		{3045ED5B-DEF5-4FF7-81FD-998415BB60E2}.Indigo_app|Mixed Platforms.Build.0 = 
		{3045ED5B-DEF5-4FF7-81FD-998415BB60E2}.Indigo_app|Mixed Platforms.Deploy.0 = 
		{3045ED5B-DEF5-4FF7-81FD-998415BB60E2}.Indigo_app|x86.ActiveCfg = 
		{3045ED5B-DEF5-4FF7-81FD-998415BB60E2}.Indigo_app|x86.Build.0 = 
		{3045ED5B-DEF5-4FF7-81FD-998415BB60E2}.Indigo_app|x86.Deploy.0 = 
		{3045ED5B-DEF5-4FF7-81FD-998415BB60E2}.Release|Any CPU.ActiveCfg = Release
		{3045ED5B-DEF5-4FF7-81FD-998415BB60E2}.Release|Any CPU.Build.0 = Release
		{3045ED5B-DEF5-4FF7-81FD-998415BB60E2}.Release|Any CPU.Deploy.0 = Release
		{3045ED5B-DEF5-4FF7-81FD-998415BB60E2}.Release|Mixed Platforms.ActiveCfg = Release
		{3045ED5B-DEF5-4FF7-81FD-998415BB60E2}.Release|Mixed Platforms.Build.0 = Release
		{3045ED5B-DEF5-4FF7-81FD-998415BB60E2}.Release|Mixed Platforms.Deploy.0 = Release
		{3045ED5B-DEF5-4FF7-81FD-998415BB60E2}.Release|x86.ActiveCfg = Release
		{3045ED5B-DEF5-4FF7-81FD-998415BB60E2}.Release|x86.Build.0 = Release
		{3045ED5B-DEF5-4FF7-81FD-998415BB60E2}.Release|x86.Deploy.0 = Release
		{3C248C1C-AA7E-4656-B851-1C591A1EBE51}.Debug|Any CPU.ActiveCfg = Debug|Any CPU
		{3C248C1C-AA7E-4656-B851-1C591A1EBE51}.Debug|Any CPU.Build.0 = Debug|Any CPU
		{3C248C1C-AA7E-4656-B851-1C591A1EBE51}.Debug|Mixed Platforms.ActiveCfg = Debug|Any CPU
		{3C248C1C-AA7E-4656-B851-1C591A1EBE51}.Debug|Mixed Platforms.Build.0 = Debug|Any CPU
		{3C248C1C-AA7E-4656-B851-1C591A1EBE51}.Debug|x86.ActiveCfg = Debug|Any CPU
		{3C248C1C-AA7E-4656-B851-1C591A1EBE51}.Debug|x86.Build.0 = Debug|Any CPU
		{3C248C1C-AA7E-4656-B851-1C591A1EBE51}.DebugLocal|Any CPU.ActiveCfg = Debug|Any CPU
		{3C248C1C-AA7E-4656-B851-1C591A1EBE51}.DebugLocal|Any CPU.Build.0 = Debug|Any CPU
		{3C248C1C-AA7E-4656-B851-1C591A1EBE51}.DebugLocal|Mixed Platforms.ActiveCfg = Debug|Any CPU
		{3C248C1C-AA7E-4656-B851-1C591A1EBE51}.DebugLocal|Mixed Platforms.Build.0 = Debug|Any CPU
		{3C248C1C-AA7E-4656-B851-1C591A1EBE51}.DebugLocal|x86.ActiveCfg = Debug|Any CPU
		{3C248C1C-AA7E-4656-B851-1C591A1EBE51}.DebugLocal|x86.Build.0 = Debug|Any CPU
		{3C248C1C-AA7E-4656-B851-1C591A1EBE51}.Indigo_app|Any CPU.ActiveCfg = Debug|Any CPU
		{3C248C1C-AA7E-4656-B851-1C591A1EBE51}.Indigo_app|Any CPU.Build.0 = Debug|Any CPU
		{3C248C1C-AA7E-4656-B851-1C591A1EBE51}.Indigo_app|Mixed Platforms.ActiveCfg = Debug|Any CPU
		{3C248C1C-AA7E-4656-B851-1C591A1EBE51}.Indigo_app|Mixed Platforms.Build.0 = Debug|Any CPU
		{3C248C1C-AA7E-4656-B851-1C591A1EBE51}.Indigo_app|x86.ActiveCfg = indigo_app|Any CPU
		{3C248C1C-AA7E-4656-B851-1C591A1EBE51}.Indigo_app|x86.Build.0 = indigo_app|Any CPU
		{3C248C1C-AA7E-4656-B851-1C591A1EBE51}.Release|Any CPU.ActiveCfg = Release|Any CPU
		{3C248C1C-AA7E-4656-B851-1C591A1EBE51}.Release|Any CPU.Build.0 = Release|Any CPU
		{3C248C1C-AA7E-4656-B851-1C591A1EBE51}.Release|Mixed Platforms.ActiveCfg = Release|Any CPU
		{3C248C1C-AA7E-4656-B851-1C591A1EBE51}.Release|Mixed Platforms.Build.0 = Release|Any CPU
		{3C248C1C-AA7E-4656-B851-1C591A1EBE51}.Release|x86.ActiveCfg = Release|Any CPU
		{3C248C1C-AA7E-4656-B851-1C591A1EBE51}.Release|x86.Build.0 = Release|Any CPU
		{B8537D94-D5C1-4842-94F3-D41E478DC3EE}.Debug|Any CPU.ActiveCfg = Debug|Any CPU
		{B8537D94-D5C1-4842-94F3-D41E478DC3EE}.Debug|Any CPU.Build.0 = Debug|Any CPU
		{B8537D94-D5C1-4842-94F3-D41E478DC3EE}.Debug|Mixed Platforms.ActiveCfg = Debug|Any CPU
		{B8537D94-D5C1-4842-94F3-D41E478DC3EE}.Debug|Mixed Platforms.Build.0 = Debug|Any CPU
		{B8537D94-D5C1-4842-94F3-D41E478DC3EE}.Debug|x86.ActiveCfg = Debug|Any CPU
		{B8537D94-D5C1-4842-94F3-D41E478DC3EE}.Debug|x86.Build.0 = Debug|Any CPU
		{B8537D94-D5C1-4842-94F3-D41E478DC3EE}.DebugLocal|Any CPU.ActiveCfg = Debug|Any CPU
		{B8537D94-D5C1-4842-94F3-D41E478DC3EE}.DebugLocal|Any CPU.Build.0 = Debug|Any CPU
		{B8537D94-D5C1-4842-94F3-D41E478DC3EE}.DebugLocal|Mixed Platforms.ActiveCfg = Debug|Any CPU
		{B8537D94-D5C1-4842-94F3-D41E478DC3EE}.DebugLocal|Mixed Platforms.Build.0 = Debug|Any CPU
		{B8537D94-D5C1-4842-94F3-D41E478DC3EE}.DebugLocal|x86.ActiveCfg = Debug|Any CPU
		{B8537D94-D5C1-4842-94F3-D41E478DC3EE}.DebugLocal|x86.Build.0 = Debug|Any CPU
		{B8537D94-D5C1-4842-94F3-D41E478DC3EE}.Indigo_app|Any CPU.ActiveCfg = Debug|Any CPU
		{B8537D94-D5C1-4842-94F3-D41E478DC3EE}.Indigo_app|Mixed Platforms.ActiveCfg = Debug|Any CPU
		{B8537D94-D5C1-4842-94F3-D41E478DC3EE}.Indigo_app|x86.ActiveCfg = indigo_app|Any CPU
		{B8537D94-D5C1-4842-94F3-D41E478DC3EE}.Indigo_app|x86.Build.0 = indigo_app|Any CPU
		{B8537D94-D5C1-4842-94F3-D41E478DC3EE}.Release|Any CPU.ActiveCfg = Release|Any CPU
		{B8537D94-D5C1-4842-94F3-D41E478DC3EE}.Release|Any CPU.Build.0 = Release|Any CPU
		{B8537D94-D5C1-4842-94F3-D41E478DC3EE}.Release|Mixed Platforms.ActiveCfg = Release|Any CPU
		{B8537D94-D5C1-4842-94F3-D41E478DC3EE}.Release|Mixed Platforms.Build.0 = Release|Any CPU
		{B8537D94-D5C1-4842-94F3-D41E478DC3EE}.Release|x86.ActiveCfg = Release|Any CPU
		{B8537D94-D5C1-4842-94F3-D41E478DC3EE}.Release|x86.Build.0 = Release|Any CPU
		{0FDE78F9-95C3-49BA-9067-96B6D9DE6087}.Debug|Any CPU.ActiveCfg = Debug|x86
		{0FDE78F9-95C3-49BA-9067-96B6D9DE6087}.Debug|Mixed Platforms.ActiveCfg = Debug|x86
		{0FDE78F9-95C3-49BA-9067-96B6D9DE6087}.Debug|x86.ActiveCfg = Debug|x86
		{0FDE78F9-95C3-49BA-9067-96B6D9DE6087}.Debug|x86.Build.0 = Debug|x86
		{0FDE78F9-95C3-49BA-9067-96B6D9DE6087}.DebugLocal|Any CPU.ActiveCfg = Release|x86
		{0FDE78F9-95C3-49BA-9067-96B6D9DE6087}.DebugLocal|Any CPU.Build.0 = Release|x86
		{0FDE78F9-95C3-49BA-9067-96B6D9DE6087}.DebugLocal|Mixed Platforms.ActiveCfg = Debug|x86
		{0FDE78F9-95C3-49BA-9067-96B6D9DE6087}.DebugLocal|Mixed Platforms.Build.0 = Debug|x86
		{0FDE78F9-95C3-49BA-9067-96B6D9DE6087}.DebugLocal|x86.ActiveCfg = Debug|x86
		{0FDE78F9-95C3-49BA-9067-96B6D9DE6087}.DebugLocal|x86.Build.0 = Debug|x86
		{0FDE78F9-95C3-49BA-9067-96B6D9DE6087}.Indigo_app|Any CPU.ActiveCfg = Debug|x86
		{0FDE78F9-95C3-49BA-9067-96B6D9DE6087}.Indigo_app|Mixed Platforms.ActiveCfg = Release|x86
		{0FDE78F9-95C3-49BA-9067-96B6D9DE6087}.Indigo_app|x86.ActiveCfg = Release|x86
		{0FDE78F9-95C3-49BA-9067-96B6D9DE6087}.Indigo_app|x86.Build.0 = Release|x86
		{0FDE78F9-95C3-49BA-9067-96B6D9DE6087}.Release|Any CPU.ActiveCfg = Release|x86
		{0FDE78F9-95C3-49BA-9067-96B6D9DE6087}.Release|Mixed Platforms.ActiveCfg = Release|x86
		{0FDE78F9-95C3-49BA-9067-96B6D9DE6087}.Release|Mixed Platforms.Build.0 = Release|x86
		{0FDE78F9-95C3-49BA-9067-96B6D9DE6087}.Release|x86.ActiveCfg = Release|x86
		{0FDE78F9-95C3-49BA-9067-96B6D9DE6087}.Release|x86.Build.0 = Release|x86
		{BCA9E337-2A5C-4B33-AFA2-6C392985E7DD}.Debug|Any CPU.ActiveCfg = Debug|Any CPU
		{BCA9E337-2A5C-4B33-AFA2-6C392985E7DD}.Debug|Any CPU.Build.0 = Debug|Any CPU
		{BCA9E337-2A5C-4B33-AFA2-6C392985E7DD}.Debug|Mixed Platforms.ActiveCfg = Debug|Any CPU
		{BCA9E337-2A5C-4B33-AFA2-6C392985E7DD}.Debug|Mixed Platforms.Build.0 = Debug|Any CPU
		{BCA9E337-2A5C-4B33-AFA2-6C392985E7DD}.Debug|x86.ActiveCfg = Debug|Any CPU
		{BCA9E337-2A5C-4B33-AFA2-6C392985E7DD}.Debug|x86.Build.0 = Debug|Any CPU
		{BCA9E337-2A5C-4B33-AFA2-6C392985E7DD}.DebugLocal|Any CPU.ActiveCfg = Debug|Any CPU
		{BCA9E337-2A5C-4B33-AFA2-6C392985E7DD}.DebugLocal|Any CPU.Build.0 = Debug|Any CPU
		{BCA9E337-2A5C-4B33-AFA2-6C392985E7DD}.DebugLocal|Mixed Platforms.ActiveCfg = Debug|Any CPU
		{BCA9E337-2A5C-4B33-AFA2-6C392985E7DD}.DebugLocal|Mixed Platforms.Build.0 = Debug|Any CPU
		{BCA9E337-2A5C-4B33-AFA2-6C392985E7DD}.DebugLocal|x86.ActiveCfg = Debug|Any CPU
		{BCA9E337-2A5C-4B33-AFA2-6C392985E7DD}.DebugLocal|x86.Build.0 = Debug|Any CPU
		{BCA9E337-2A5C-4B33-AFA2-6C392985E7DD}.Indigo_app|Any CPU.ActiveCfg = Debug|Any CPU
		{BCA9E337-2A5C-4B33-AFA2-6C392985E7DD}.Indigo_app|Any CPU.Build.0 = Debug|Any CPU
		{BCA9E337-2A5C-4B33-AFA2-6C392985E7DD}.Indigo_app|Mixed Platforms.ActiveCfg = Debug|Any CPU
		{BCA9E337-2A5C-4B33-AFA2-6C392985E7DD}.Indigo_app|Mixed Platforms.Build.0 = Debug|Any CPU
		{BCA9E337-2A5C-4B33-AFA2-6C392985E7DD}.Indigo_app|x86.ActiveCfg = Indigo_app|Any CPU
		{BCA9E337-2A5C-4B33-AFA2-6C392985E7DD}.Indigo_app|x86.Build.0 = Indigo_app|Any CPU
		{BCA9E337-2A5C-4B33-AFA2-6C392985E7DD}.Release|Any CPU.ActiveCfg = Release|Any CPU
		{BCA9E337-2A5C-4B33-AFA2-6C392985E7DD}.Release|Any CPU.Build.0 = Release|Any CPU
		{BCA9E337-2A5C-4B33-AFA2-6C392985E7DD}.Release|Mixed Platforms.ActiveCfg = Release|Any CPU
		{BCA9E337-2A5C-4B33-AFA2-6C392985E7DD}.Release|Mixed Platforms.Build.0 = Release|Any CPU
		{BCA9E337-2A5C-4B33-AFA2-6C392985E7DD}.Release|x86.ActiveCfg = Release|Any CPU
		{BCA9E337-2A5C-4B33-AFA2-6C392985E7DD}.Release|x86.Build.0 = Release|Any CPU
		{9C34A9FC-22F0-4823-BC83-8C678D824E39}.Debug|Any CPU.ActiveCfg = Debug|Any CPU
		{9C34A9FC-22F0-4823-BC83-8C678D824E39}.Debug|Any CPU.Build.0 = Debug|Any CPU
		{9C34A9FC-22F0-4823-BC83-8C678D824E39}.Debug|Mixed Platforms.ActiveCfg = Debug|Any CPU
		{9C34A9FC-22F0-4823-BC83-8C678D824E39}.Debug|Mixed Platforms.Build.0 = Debug|Any CPU
		{9C34A9FC-22F0-4823-BC83-8C678D824E39}.Debug|x86.ActiveCfg = Debug|Any CPU
		{9C34A9FC-22F0-4823-BC83-8C678D824E39}.Debug|x86.Build.0 = Debug|Any CPU
		{9C34A9FC-22F0-4823-BC83-8C678D824E39}.DebugLocal|Any CPU.ActiveCfg = Debug|Any CPU
		{9C34A9FC-22F0-4823-BC83-8C678D824E39}.DebugLocal|Any CPU.Build.0 = Debug|Any CPU
		{9C34A9FC-22F0-4823-BC83-8C678D824E39}.DebugLocal|Mixed Platforms.ActiveCfg = Debug|Any CPU
		{9C34A9FC-22F0-4823-BC83-8C678D824E39}.DebugLocal|Mixed Platforms.Build.0 = Debug|Any CPU
		{9C34A9FC-22F0-4823-BC83-8C678D824E39}.DebugLocal|x86.ActiveCfg = Debug|Any CPU
		{9C34A9FC-22F0-4823-BC83-8C678D824E39}.DebugLocal|x86.Build.0 = Debug|Any CPU
		{9C34A9FC-22F0-4823-BC83-8C678D824E39}.Indigo_app|Any CPU.ActiveCfg = Debug|Any CPU
		{9C34A9FC-22F0-4823-BC83-8C678D824E39}.Indigo_app|Any CPU.Build.0 = Debug|Any CPU
		{9C34A9FC-22F0-4823-BC83-8C678D824E39}.Indigo_app|Mixed Platforms.ActiveCfg = Debug|Any CPU
		{9C34A9FC-22F0-4823-BC83-8C678D824E39}.Indigo_app|Mixed Platforms.Build.0 = Debug|Any CPU
		{9C34A9FC-22F0-4823-BC83-8C678D824E39}.Indigo_app|x86.ActiveCfg = Release|Any CPU
		{9C34A9FC-22F0-4823-BC83-8C678D824E39}.Indigo_app|x86.Build.0 = Release|Any CPU
		{9C34A9FC-22F0-4823-BC83-8C678D824E39}.Release|Any CPU.ActiveCfg = Release|Any CPU
		{9C34A9FC-22F0-4823-BC83-8C678D824E39}.Release|Any CPU.Build.0 = Release|Any CPU
		{9C34A9FC-22F0-4823-BC83-8C678D824E39}.Release|Mixed Platforms.ActiveCfg = Release|Any CPU
		{9C34A9FC-22F0-4823-BC83-8C678D824E39}.Release|Mixed Platforms.Build.0 = Release|Any CPU
		{9C34A9FC-22F0-4823-BC83-8C678D824E39}.Release|x86.ActiveCfg = Release|Any CPU
		{9C34A9FC-22F0-4823-BC83-8C678D824E39}.Release|x86.Build.0 = Release|Any CPU
		{6B188093-0968-412C-87F9-5EB94BD12F50}.Debug|Any CPU.ActiveCfg = Debug|Any CPU
		{6B188093-0968-412C-87F9-5EB94BD12F50}.Debug|Any CPU.Build.0 = Debug|Any CPU
		{6B188093-0968-412C-87F9-5EB94BD12F50}.Debug|Mixed Platforms.ActiveCfg = Debug|Any CPU
		{6B188093-0968-412C-87F9-5EB94BD12F50}.Debug|Mixed Platforms.Build.0 = Debug|Any CPU
		{6B188093-0968-412C-87F9-5EB94BD12F50}.Debug|x86.ActiveCfg = Debug|Any CPU
		{6B188093-0968-412C-87F9-5EB94BD12F50}.Debug|x86.Build.0 = Debug|Any CPU
		{6B188093-0968-412C-87F9-5EB94BD12F50}.DebugLocal|Any CPU.ActiveCfg = Debug|Any CPU
		{6B188093-0968-412C-87F9-5EB94BD12F50}.DebugLocal|Any CPU.Build.0 = Debug|Any CPU
		{6B188093-0968-412C-87F9-5EB94BD12F50}.DebugLocal|Mixed Platforms.ActiveCfg = Debug|Any CPU
		{6B188093-0968-412C-87F9-5EB94BD12F50}.DebugLocal|Mixed Platforms.Build.0 = Debug|Any CPU
		{6B188093-0968-412C-87F9-5EB94BD12F50}.DebugLocal|x86.ActiveCfg = Debug|Any CPU
		{6B188093-0968-412C-87F9-5EB94BD12F50}.DebugLocal|x86.Build.0 = Debug|Any CPU
		{6B188093-0968-412C-87F9-5EB94BD12F50}.Indigo_app|Any CPU.ActiveCfg = Release|Any CPU
		{6B188093-0968-412C-87F9-5EB94BD12F50}.Indigo_app|Any CPU.Build.0 = Release|Any CPU
		{6B188093-0968-412C-87F9-5EB94BD12F50}.Indigo_app|Mixed Platforms.ActiveCfg = Debug|Any CPU
		{6B188093-0968-412C-87F9-5EB94BD12F50}.Indigo_app|x86.ActiveCfg = Release|Any CPU
		{6B188093-0968-412C-87F9-5EB94BD12F50}.Indigo_app|x86.Build.0 = Release|Any CPU
		{6B188093-0968-412C-87F9-5EB94BD12F50}.Release|Any CPU.ActiveCfg = Release|Any CPU
		{6B188093-0968-412C-87F9-5EB94BD12F50}.Release|Any CPU.Build.0 = Release|Any CPU
		{6B188093-0968-412C-87F9-5EB94BD12F50}.Release|Mixed Platforms.ActiveCfg = Release|Any CPU
		{6B188093-0968-412C-87F9-5EB94BD12F50}.Release|Mixed Platforms.Build.0 = Release|Any CPU
		{6B188093-0968-412C-87F9-5EB94BD12F50}.Release|x86.ActiveCfg = Release|Any CPU
		{6B188093-0968-412C-87F9-5EB94BD12F50}.Release|x86.Build.0 = Release|Any CPU
		{07F34566-37DE-44AA-AC45-30224EC48315}.Debug|Any CPU.ActiveCfg = Debug|Any CPU
		{07F34566-37DE-44AA-AC45-30224EC48315}.Debug|Any CPU.Build.0 = Debug|Any CPU
		{07F34566-37DE-44AA-AC45-30224EC48315}.Debug|Mixed Platforms.ActiveCfg = Debug|Any CPU
		{07F34566-37DE-44AA-AC45-30224EC48315}.Debug|Mixed Platforms.Build.0 = Debug|Any CPU
		{07F34566-37DE-44AA-AC45-30224EC48315}.Debug|x86.ActiveCfg = Debug|Any CPU
		{07F34566-37DE-44AA-AC45-30224EC48315}.Debug|x86.Build.0 = Debug|Any CPU
		{07F34566-37DE-44AA-AC45-30224EC48315}.DebugLocal|Any CPU.ActiveCfg = Debug|Any CPU
		{07F34566-37DE-44AA-AC45-30224EC48315}.DebugLocal|Any CPU.Build.0 = Debug|Any CPU
		{07F34566-37DE-44AA-AC45-30224EC48315}.DebugLocal|Mixed Platforms.ActiveCfg = Debug|Any CPU
		{07F34566-37DE-44AA-AC45-30224EC48315}.DebugLocal|Mixed Platforms.Build.0 = Debug|Any CPU
		{07F34566-37DE-44AA-AC45-30224EC48315}.DebugLocal|x86.ActiveCfg = Debug|Any CPU
		{07F34566-37DE-44AA-AC45-30224EC48315}.DebugLocal|x86.Build.0 = Debug|Any CPU
		{07F34566-37DE-44AA-AC45-30224EC48315}.Indigo_app|Any CPU.ActiveCfg = Release|Any CPU
		{07F34566-37DE-44AA-AC45-30224EC48315}.Indigo_app|Any CPU.Build.0 = Release|Any CPU
		{07F34566-37DE-44AA-AC45-30224EC48315}.Indigo_app|Mixed Platforms.ActiveCfg = Debug|Any CPU
		{07F34566-37DE-44AA-AC45-30224EC48315}.Indigo_app|x86.ActiveCfg = Release|Any CPU
		{07F34566-37DE-44AA-AC45-30224EC48315}.Indigo_app|x86.Build.0 = Release|Any CPU
		{07F34566-37DE-44AA-AC45-30224EC48315}.Release|Any CPU.ActiveCfg = Release|Any CPU
		{07F34566-37DE-44AA-AC45-30224EC48315}.Release|Any CPU.Build.0 = Release|Any CPU
		{07F34566-37DE-44AA-AC45-30224EC48315}.Release|Mixed Platforms.ActiveCfg = Release|Any CPU
		{07F34566-37DE-44AA-AC45-30224EC48315}.Release|Mixed Platforms.Build.0 = Release|Any CPU
		{07F34566-37DE-44AA-AC45-30224EC48315}.Release|x86.ActiveCfg = Release|Any CPU
		{07F34566-37DE-44AA-AC45-30224EC48315}.Release|x86.Build.0 = Release|Any CPU
		{BF8AFDEF-CBA8-4D5C-8F8A-074E94A1C01F}.Debug|Any CPU.ActiveCfg = Debug|Any CPU
		{BF8AFDEF-CBA8-4D5C-8F8A-074E94A1C01F}.Debug|Any CPU.Build.0 = Debug|Any CPU
		{BF8AFDEF-CBA8-4D5C-8F8A-074E94A1C01F}.Debug|Mixed Platforms.ActiveCfg = Debug|Any CPU
		{BF8AFDEF-CBA8-4D5C-8F8A-074E94A1C01F}.Debug|Mixed Platforms.Build.0 = Debug|Any CPU
		{BF8AFDEF-CBA8-4D5C-8F8A-074E94A1C01F}.Debug|x86.ActiveCfg = Debug|Any CPU
		{BF8AFDEF-CBA8-4D5C-8F8A-074E94A1C01F}.Debug|x86.Build.0 = Debug|Any CPU
		{BF8AFDEF-CBA8-4D5C-8F8A-074E94A1C01F}.DebugLocal|Any CPU.ActiveCfg = Debug|Any CPU
		{BF8AFDEF-CBA8-4D5C-8F8A-074E94A1C01F}.DebugLocal|Any CPU.Build.0 = Debug|Any CPU
		{BF8AFDEF-CBA8-4D5C-8F8A-074E94A1C01F}.DebugLocal|Mixed Platforms.ActiveCfg = Debug|Any CPU
		{BF8AFDEF-CBA8-4D5C-8F8A-074E94A1C01F}.DebugLocal|Mixed Platforms.Build.0 = Debug|Any CPU
		{BF8AFDEF-CBA8-4D5C-8F8A-074E94A1C01F}.DebugLocal|x86.ActiveCfg = Debug|Any CPU
		{BF8AFDEF-CBA8-4D5C-8F8A-074E94A1C01F}.DebugLocal|x86.Build.0 = Debug|Any CPU
		{BF8AFDEF-CBA8-4D5C-8F8A-074E94A1C01F}.Indigo_app|Any CPU.ActiveCfg = Release|Any CPU
		{BF8AFDEF-CBA8-4D5C-8F8A-074E94A1C01F}.Indigo_app|Any CPU.Build.0 = Release|Any CPU
		{BF8AFDEF-CBA8-4D5C-8F8A-074E94A1C01F}.Indigo_app|Mixed Platforms.ActiveCfg = Debug|Any CPU
		{BF8AFDEF-CBA8-4D5C-8F8A-074E94A1C01F}.Indigo_app|x86.ActiveCfg = Release|Any CPU
		{BF8AFDEF-CBA8-4D5C-8F8A-074E94A1C01F}.Indigo_app|x86.Build.0 = Release|Any CPU
		{BF8AFDEF-CBA8-4D5C-8F8A-074E94A1C01F}.Release|Any CPU.ActiveCfg = Release|Any CPU
		{BF8AFDEF-CBA8-4D5C-8F8A-074E94A1C01F}.Release|Any CPU.Build.0 = Release|Any CPU
		{BF8AFDEF-CBA8-4D5C-8F8A-074E94A1C01F}.Release|Mixed Platforms.ActiveCfg = Release|Any CPU
		{BF8AFDEF-CBA8-4D5C-8F8A-074E94A1C01F}.Release|Mixed Platforms.Build.0 = Release|Any CPU
		{BF8AFDEF-CBA8-4D5C-8F8A-074E94A1C01F}.Release|x86.ActiveCfg = Release|Any CPU
		{BF8AFDEF-CBA8-4D5C-8F8A-074E94A1C01F}.Release|x86.Build.0 = Release|Any CPU
	EndGlobalSection
	GlobalSection(SolutionProperties) = preSolution
		HideSolutionNode = FALSE
	EndGlobalSection
	GlobalSection(ExtensibilityGlobals) = postSolution
		SolutionGuid = {BB905F49-19DD-42BA-82A4-6817A4BB6AEA}
	EndGlobalSection
	GlobalSection(TestCaseManagementSettings) = postSolution
		CategoryFile = indigoCardIssuingApplication.vsmdi
	EndGlobalSection
EndGlobal
