
Microsoft Visual Studio Solution File, Format Version 12.00
# Visual Studio 15
VisualStudioVersion = 15.0.27703.2000
MinimumVisualStudioVersion = 10.0.40219.1
Project("{FAE04EC0-301F-11D3-BF4B-00C04F79EFBC}") = "Veneka.Indigo.ThreeDSecure", "Veneka.Indigo.ThreeDSecure\Veneka.Indigo.ThreeDSecure.csproj", "{B88CD3C7-3BD2-4607-8278-E28E1A0DD5DC}"
EndProject
Project("{FAE04EC0-301F-11D3-BF4B-00C04F79EFBC}") = "Veneka.Indigo.ThreeDSecure.Integration", "Veneka.Indigo.ThreeDSecure.Integration\Veneka.Indigo.ThreeDSecure.Integration.csproj", "{C3CEA760-73B8-42D4-8261-27F245775A67}"
EndProject
Project("{FAE04EC0-301F-11D3-BF4B-00C04F79EFBC}") = "Veneka.Indigo.ThreeDSecure.Data", "Veneka.Indigo.ThreeDSecure.Data\Veneka.Indigo.ThreeDSecure.Data.csproj", "{3E75AA58-8459-4EE0-97E7-E25B7A328767}"
EndProject
Project("{00D1A9C2-B5F0-4AF3-8072-F6C62B433612}") = "IndigoDatabase", "IndigoDatabase\IndigoDatabase.sqlproj", "{20E8A786-155A-4E7B-A374-248783225916}"
EndProject
Project("{FAE04EC0-301F-11D3-BF4B-00C04F79EFBC}") = "Veneka.Indigo.ThreeDSecureTests2", "Veneka.Indigo.ThreeDSecureTests2\Veneka.Indigo.ThreeDSecureTests2.csproj", "{9356E4B5-DAA0-4CA7-9E46-F3D659D2157F}"
EndProject
Project("{FAE04EC0-301F-11D3-BF4B-00C04F79EFBC}") = "Veneka.Indigo.ThreeDSecureFileRunner", "Veneka.Indigo.ThreeDSecureFileRunner\Veneka.Indigo.ThreeDSecureFileRunner.csproj", "{61980DE7-59E9-4EB2-B83C-847C9F601B83}"
EndProject
Project("{FAE04EC0-301F-11D3-BF4B-00C04F79EFBC}") = "Veneka.Indigo.Integration", "Veneka.Indigo.Integration\Veneka.Indigo.Integration.csproj", "{03BF6364-DFE6-47D5-8AA3-17839EF44854}"
EndProject
Project("{FAE04EC0-301F-11D3-BF4B-00C04F79EFBC}") = "Veneka.Indigo.Integration.ProductPrinting", "Veneka.Indigo.Integration.ProductPrinting\Veneka.Indigo.Integration.ProductPrinting.csproj", "{3C248C1C-AA7E-4656-B851-1C591A1EBE51}"
EndProject
Global
	GlobalSection(SolutionConfigurationPlatforms) = preSolution
		Debug|Any CPU = Debug|Any CPU
		indigo_app_main|Any CPU = indigo_app_main|Any CPU
		indigo_app|Any CPU = indigo_app|Any CPU
		Indigo_web|Any CPU = Indigo_web|Any CPU
		Release|Any CPU = Release|Any CPU
	EndGlobalSection
	GlobalSection(ProjectConfigurationPlatforms) = postSolution
		{B88CD3C7-3BD2-4607-8278-E28E1A0DD5DC}.Debug|Any CPU.ActiveCfg = Debug|Any CPU
		{B88CD3C7-3BD2-4607-8278-E28E1A0DD5DC}.Debug|Any CPU.Build.0 = Debug|Any CPU
		{B88CD3C7-3BD2-4607-8278-E28E1A0DD5DC}.indigo_app_main|Any CPU.ActiveCfg = Release|Any CPU
		{B88CD3C7-3BD2-4607-8278-E28E1A0DD5DC}.indigo_app_main|Any CPU.Build.0 = Release|Any CPU
		{B88CD3C7-3BD2-4607-8278-E28E1A0DD5DC}.indigo_app|Any CPU.ActiveCfg = Release|Any CPU
		{B88CD3C7-3BD2-4607-8278-E28E1A0DD5DC}.indigo_app|Any CPU.Build.0 = Release|Any CPU
		{B88CD3C7-3BD2-4607-8278-E28E1A0DD5DC}.Indigo_web|Any CPU.ActiveCfg = Release|Any CPU
		{B88CD3C7-3BD2-4607-8278-E28E1A0DD5DC}.Indigo_web|Any CPU.Build.0 = Release|Any CPU
		{B88CD3C7-3BD2-4607-8278-E28E1A0DD5DC}.Release|Any CPU.ActiveCfg = Release|Any CPU
		{B88CD3C7-3BD2-4607-8278-E28E1A0DD5DC}.Release|Any CPU.Build.0 = Release|Any CPU
		{C3CEA760-73B8-42D4-8261-27F245775A67}.Debug|Any CPU.ActiveCfg = Debug|Any CPU
		{C3CEA760-73B8-42D4-8261-27F245775A67}.Debug|Any CPU.Build.0 = Debug|Any CPU
		{C3CEA760-73B8-42D4-8261-27F245775A67}.indigo_app_main|Any CPU.ActiveCfg = Release|Any CPU
		{C3CEA760-73B8-42D4-8261-27F245775A67}.indigo_app_main|Any CPU.Build.0 = Release|Any CPU
		{C3CEA760-73B8-42D4-8261-27F245775A67}.indigo_app|Any CPU.ActiveCfg = Release|Any CPU
		{C3CEA760-73B8-42D4-8261-27F245775A67}.indigo_app|Any CPU.Build.0 = Release|Any CPU
		{C3CEA760-73B8-42D4-8261-27F245775A67}.Indigo_web|Any CPU.ActiveCfg = Release|Any CPU
		{C3CEA760-73B8-42D4-8261-27F245775A67}.Indigo_web|Any CPU.Build.0 = Release|Any CPU
		{C3CEA760-73B8-42D4-8261-27F245775A67}.Release|Any CPU.ActiveCfg = Release|Any CPU
		{C3CEA760-73B8-42D4-8261-27F245775A67}.Release|Any CPU.Build.0 = Release|Any CPU
		{3E75AA58-8459-4EE0-97E7-E25B7A328767}.Debug|Any CPU.ActiveCfg = Debug|Any CPU
		{3E75AA58-8459-4EE0-97E7-E25B7A328767}.Debug|Any CPU.Build.0 = Debug|Any CPU
		{3E75AA58-8459-4EE0-97E7-E25B7A328767}.indigo_app_main|Any CPU.ActiveCfg = Release|Any CPU
		{3E75AA58-8459-4EE0-97E7-E25B7A328767}.indigo_app_main|Any CPU.Build.0 = Release|Any CPU
		{3E75AA58-8459-4EE0-97E7-E25B7A328767}.indigo_app|Any CPU.ActiveCfg = Release|Any CPU
		{3E75AA58-8459-4EE0-97E7-E25B7A328767}.indigo_app|Any CPU.Build.0 = Release|Any CPU
		{3E75AA58-8459-4EE0-97E7-E25B7A328767}.Indigo_web|Any CPU.ActiveCfg = Release|Any CPU
		{3E75AA58-8459-4EE0-97E7-E25B7A328767}.Indigo_web|Any CPU.Build.0 = Release|Any CPU
		{3E75AA58-8459-4EE0-97E7-E25B7A328767}.Release|Any CPU.ActiveCfg = Release|Any CPU
		{3E75AA58-8459-4EE0-97E7-E25B7A328767}.Release|Any CPU.Build.0 = Release|Any CPU
		{20E8A786-155A-4E7B-A374-248783225916}.Debug|Any CPU.ActiveCfg = Debug|Any CPU
		{20E8A786-155A-4E7B-A374-248783225916}.Debug|Any CPU.Build.0 = Debug|Any CPU
		{20E8A786-155A-4E7B-A374-248783225916}.Debug|Any CPU.Deploy.0 = Debug|Any CPU
		{20E8A786-155A-4E7B-A374-248783225916}.indigo_app_main|Any CPU.ActiveCfg = indigo_app|Any CPU
		{20E8A786-155A-4E7B-A374-248783225916}.indigo_app_main|Any CPU.Build.0 = indigo_app|Any CPU
		{20E8A786-155A-4E7B-A374-248783225916}.indigo_app_main|Any CPU.Deploy.0 = indigo_app|Any CPU
		{20E8A786-155A-4E7B-A374-248783225916}.indigo_app|Any CPU.ActiveCfg = indigo_app|Any CPU
		{20E8A786-155A-4E7B-A374-248783225916}.indigo_app|Any CPU.Build.0 = indigo_app|Any CPU
		{20E8A786-155A-4E7B-A374-248783225916}.indigo_app|Any CPU.Deploy.0 = indigo_app|Any CPU
		{20E8A786-155A-4E7B-A374-248783225916}.Indigo_web|Any CPU.ActiveCfg = Indigo_web|Any CPU
		{20E8A786-155A-4E7B-A374-248783225916}.Indigo_web|Any CPU.Build.0 = Indigo_web|Any CPU
		{20E8A786-155A-4E7B-A374-248783225916}.Indigo_web|Any CPU.Deploy.0 = Indigo_web|Any CPU
		{20E8A786-155A-4E7B-A374-248783225916}.Release|Any CPU.ActiveCfg = Release|Any CPU
		{20E8A786-155A-4E7B-A374-248783225916}.Release|Any CPU.Build.0 = Release|Any CPU
		{20E8A786-155A-4E7B-A374-248783225916}.Release|Any CPU.Deploy.0 = Release|Any CPU
		{9356E4B5-DAA0-4CA7-9E46-F3D659D2157F}.Debug|Any CPU.ActiveCfg = Debug|Any CPU
		{9356E4B5-DAA0-4CA7-9E46-F3D659D2157F}.Debug|Any CPU.Build.0 = Debug|Any CPU
		{9356E4B5-DAA0-4CA7-9E46-F3D659D2157F}.indigo_app_main|Any CPU.ActiveCfg = Release|Any CPU
		{9356E4B5-DAA0-4CA7-9E46-F3D659D2157F}.indigo_app_main|Any CPU.Build.0 = Release|Any CPU
		{9356E4B5-DAA0-4CA7-9E46-F3D659D2157F}.indigo_app|Any CPU.ActiveCfg = Release|Any CPU
		{9356E4B5-DAA0-4CA7-9E46-F3D659D2157F}.indigo_app|Any CPU.Build.0 = Release|Any CPU
		{9356E4B5-DAA0-4CA7-9E46-F3D659D2157F}.Indigo_web|Any CPU.ActiveCfg = Release|Any CPU
		{9356E4B5-DAA0-4CA7-9E46-F3D659D2157F}.Indigo_web|Any CPU.Build.0 = Release|Any CPU
		{9356E4B5-DAA0-4CA7-9E46-F3D659D2157F}.Release|Any CPU.ActiveCfg = Release|Any CPU
		{9356E4B5-DAA0-4CA7-9E46-F3D659D2157F}.Release|Any CPU.Build.0 = Release|Any CPU
		{61980DE7-59E9-4EB2-B83C-847C9F601B83}.Debug|Any CPU.ActiveCfg = Debug|Any CPU
		{61980DE7-59E9-4EB2-B83C-847C9F601B83}.Debug|Any CPU.Build.0 = Debug|Any CPU
		{61980DE7-59E9-4EB2-B83C-847C9F601B83}.indigo_app_main|Any CPU.ActiveCfg = Release|Any CPU
		{61980DE7-59E9-4EB2-B83C-847C9F601B83}.indigo_app_main|Any CPU.Build.0 = Release|Any CPU
		{61980DE7-59E9-4EB2-B83C-847C9F601B83}.indigo_app|Any CPU.ActiveCfg = Release|Any CPU
		{61980DE7-59E9-4EB2-B83C-847C9F601B83}.indigo_app|Any CPU.Build.0 = Release|Any CPU
		{61980DE7-59E9-4EB2-B83C-847C9F601B83}.Indigo_web|Any CPU.ActiveCfg = Release|Any CPU
		{61980DE7-59E9-4EB2-B83C-847C9F601B83}.Indigo_web|Any CPU.Build.0 = Release|Any CPU
		{61980DE7-59E9-4EB2-B83C-847C9F601B83}.Release|Any CPU.ActiveCfg = Release|Any CPU
		{61980DE7-59E9-4EB2-B83C-847C9F601B83}.Release|Any CPU.Build.0 = Release|Any CPU
		{03BF6364-DFE6-47D5-8AA3-17839EF44854}.Debug|Any CPU.ActiveCfg = Debug|Any CPU
		{03BF6364-DFE6-47D5-8AA3-17839EF44854}.Debug|Any CPU.Build.0 = Debug|Any CPU
		{03BF6364-DFE6-47D5-8AA3-17839EF44854}.indigo_app_main|Any CPU.ActiveCfg = indigo_app|Any CPU
		{03BF6364-DFE6-47D5-8AA3-17839EF44854}.indigo_app_main|Any CPU.Build.0 = indigo_app|Any CPU
		{03BF6364-DFE6-47D5-8AA3-17839EF44854}.indigo_app|Any CPU.ActiveCfg = indigo_app|Any CPU
		{03BF6364-DFE6-47D5-8AA3-17839EF44854}.indigo_app|Any CPU.Build.0 = indigo_app|Any CPU
		{03BF6364-DFE6-47D5-8AA3-17839EF44854}.Indigo_web|Any CPU.ActiveCfg = indigo_app|Any CPU
		{03BF6364-DFE6-47D5-8AA3-17839EF44854}.Indigo_web|Any CPU.Build.0 = indigo_app|Any CPU
		{03BF6364-DFE6-47D5-8AA3-17839EF44854}.Release|Any CPU.ActiveCfg = Release|Any CPU
		{03BF6364-DFE6-47D5-8AA3-17839EF44854}.Release|Any CPU.Build.0 = Release|Any CPU
		{3C248C1C-AA7E-4656-B851-1C591A1EBE51}.Debug|Any CPU.ActiveCfg = Debug|Any CPU
		{3C248C1C-AA7E-4656-B851-1C591A1EBE51}.Debug|Any CPU.Build.0 = Debug|Any CPU
		{3C248C1C-AA7E-4656-B851-1C591A1EBE51}.indigo_app_main|Any CPU.ActiveCfg = indigo_app_main|Any CPU
		{3C248C1C-AA7E-4656-B851-1C591A1EBE51}.indigo_app_main|Any CPU.Build.0 = indigo_app_main|Any CPU
		{3C248C1C-AA7E-4656-B851-1C591A1EBE51}.indigo_app|Any CPU.ActiveCfg = indigo_app|Any CPU
		{3C248C1C-AA7E-4656-B851-1C591A1EBE51}.indigo_app|Any CPU.Build.0 = indigo_app|Any CPU
		{3C248C1C-AA7E-4656-B851-1C591A1EBE51}.Indigo_web|Any CPU.ActiveCfg = indigo_app_main|Any CPU
		{3C248C1C-AA7E-4656-B851-1C591A1EBE51}.Indigo_web|Any CPU.Build.0 = indigo_app_main|Any CPU
		{3C248C1C-AA7E-4656-B851-1C591A1EBE51}.Release|Any CPU.ActiveCfg = Release|Any CPU
		{3C248C1C-AA7E-4656-B851-1C591A1EBE51}.Release|Any CPU.Build.0 = Release|Any CPU
	EndGlobalSection
	GlobalSection(SolutionProperties) = preSolution
		HideSolutionNode = FALSE
	EndGlobalSection
	GlobalSection(ExtensibilityGlobals) = postSolution
		SolutionGuid = {86A38C12-6587-4E04-ABB8-909618FF1D81}
	EndGlobalSection
EndGlobal
