
Microsoft Visual Studio Solution File, Format Version 12.00
# Visual Studio Version 16
VisualStudioVersion = 16.0.29424.173
MinimumVisualStudioVersion = 10.0.40219.1
Project("{FAE04EC0-301F-11D3-BF4B-00C04F79EFBC}") = "Veneka.Indigo.Integration.EMP", "Veneka.Indigo.Integration.EMP.csproj", "{F9C5CF0D-B486-46EF-B0E1-239D3A0D7C8F}"
EndProject
Project("{FAE04EC0-301F-11D3-BF4B-00C04F79EFBC}") = "EMP.Tests", "..\EMP.Tests\EMP.Tests.csproj", "{212E8B69-2BEE-4064-A96E-0680BF412E09}"
EndProject
Project("{FAE04EC0-301F-11D3-BF4B-00C04F79EFBC}") = "Veneka.Module.TranzwareCompassPlusFIMI", "..\..\..\gotwe\Veneka.Module.TranzwareCompassPlusFIMI\Veneka.Module.TranzwareCompassPlusFIMI\Veneka.Module.TranzwareCompassPlusFIMI.csproj", "{A6A322B1-4916-40DB-8D02-D598F9A2B21D}"
EndProject
Global
	GlobalSection(SolutionConfigurationPlatforms) = preSolution
		Debug|Any CPU = Debug|Any CPU
		Release|Any CPU = Release|Any CPU
	EndGlobalSection
	GlobalSection(ProjectConfigurationPlatforms) = postSolution
		{F9C5CF0D-B486-46EF-B0E1-239D3A0D7C8F}.Debug|Any CPU.ActiveCfg = Debug|Any CPU
		{F9C5CF0D-B486-46EF-B0E1-239D3A0D7C8F}.Debug|Any CPU.Build.0 = Debug|Any CPU
		{F9C5CF0D-B486-46EF-B0E1-239D3A0D7C8F}.Release|Any CPU.ActiveCfg = Release|Any CPU
		{F9C5CF0D-B486-46EF-B0E1-239D3A0D7C8F}.Release|Any CPU.Build.0 = Release|Any CPU
		{212E8B69-2BEE-4064-A96E-0680BF412E09}.Debug|Any CPU.ActiveCfg = Debug|Any CPU
		{212E8B69-2BEE-4064-A96E-0680BF412E09}.Debug|Any CPU.Build.0 = Debug|Any CPU
		{212E8B69-2BEE-4064-A96E-0680BF412E09}.Release|Any CPU.ActiveCfg = Release|Any CPU
		{212E8B69-2BEE-4064-A96E-0680BF412E09}.Release|Any CPU.Build.0 = Release|Any CPU
		{A6A322B1-4916-40DB-8D02-D598F9A2B21D}.Debug|Any CPU.ActiveCfg = Debug|Any CPU
		{A6A322B1-4916-40DB-8D02-D598F9A2B21D}.Debug|Any CPU.Build.0 = Debug|Any CPU
		{A6A322B1-4916-40DB-8D02-D598F9A2B21D}.Release|Any CPU.ActiveCfg = Release|Any CPU
		{A6A322B1-4916-40DB-8D02-D598F9A2B21D}.Release|Any CPU.Build.0 = Release|Any CPU
	EndGlobalSection
	GlobalSection(SolutionProperties) = preSolution
		HideSolutionNode = FALSE
	EndGlobalSection
	GlobalSection(ExtensibilityGlobals) = postSolution
		SolutionGuid = {FD239D9C-07BB-4990-A90E-174414276E4E}
	EndGlobalSection
EndGlobal
